{
  "version": 4,
  "terraform_version": "1.15.5",
  "serial": 18,
  "lineage": "722d6034-4a18-14ef-2718-84b99f4fbc15",
  "outputs": {
    "acr_login_server": {
      "value": "acrmediflowdev.azurecr.io",
      "type": "string"
    },
    "acr_name": {
      "value": "acrmediflowdev",
      "type": "string"
    },
    "aks_cluster_id": {
      "value": "/subscriptions/c8928261-3c0c-4e98-bbc6-9ba70d318285/resourceGroups/rg-mediflow-dev/providers/Microsoft.ContainerService/managedClusters/aks-mediflow-dev",
      "type": "string"
    },
    "aks_cluster_name": {
      "value": "aks-mediflow-dev",
      "type": "string"
    },
    "get_credentials_command": {
      "value": "az aks get-credentials --resource-group rg-mediflow-dev --name aks-mediflow-dev",
      "type": "string"
    },
    "key_vault_name": {
      "value": "kv-mediflow-dev",
      "type": "string"
    },
    "key_vault_uri": {
      "value": "https://kv-mediflow-dev.vault.azure.net/",
      "type": "string"
    },
    "log_analytics_workspace_id": {
      "value": "/subscriptions/c8928261-3c0c-4e98-bbc6-9ba70d318285/resourceGroups/rg-mediflow-dev/providers/Microsoft.OperationalInsights/workspaces/law-mediflow-dev",
      "type": "string"
    },
    "resource_group_name": {
      "value": "rg-mediflow-dev",
      "type": "string"
    }
  },
  "resources": [
    {
      "mode": "data",
      "type": "azurerm_client_config",
      "name": "current",
      "provider": "provider[\"registry.terraform.io/hashicorp/azurerm\"]",
      "instances": [
        {
          "schema_version": 0,
          "attributes": {
            "client_id": "04b07795-8ddb-461a-bbee-02f9e1bf7b46",
            "id": "Y2xpZW50Q29uZmlncy9jbGllbnRJZD0wNGIwNzc5NS04ZGRiLTQ2MWEtYmJlZS0wMmY5ZTFiZjdiNDY7b2JqZWN0SWQ9Yzc0NWJhNWItNThiNS00MWU0LTlmMTUtYWUyMDJhM2IzMGNhO3N1YnNjcmlwdGlvbklkPWM4OTI4MjYxLTNjMGMtNGU5OC1iYmM2LTliYTcwZDMxODI4NTt0ZW5hbnRJZD0yODRmY2FiOS1iMzUzLTQ0ZmItODUwNy1jN2EzYjI3N2MxOWU=",
            "object_id": "c745ba5b-58b5-41e4-9f15-ae202a3b30ca",
            "subscription_id": "c8928261-3c0c-4e98-bbc6-9ba70d318285",
            "tenant_id": "284fcab9-b353-44fb-8507-c7a3b277c19e",
            "timeouts": null
          },
          "sensitive_attributes": [],
          "identity_schema_version": 0
        }
      ]
    },
    {
      "mode": "managed",
      "type": "azurerm_container_registry",
      "name": "main",
      "provider": "provider[\"registry.terraform.io/hashicorp/azurerm\"]",
      "instances": [
        {
          "schema_version": 2,
          "attributes": {
            "admin_enabled": false,
            "admin_password": "",
            "admin_username": "",
            "anonymous_pull_enabled": false,
            "data_endpoint_enabled": false,
            "data_endpoint_host_names": [],
            "encryption": [],
            "export_policy_enabled": true,
            "georeplications": [],
            "id": "/subscriptions/c8928261-3c0c-4e98-bbc6-9ba70d318285/resourceGroups/rg-mediflow-dev/providers/Microsoft.ContainerRegistry/registries/acrmediflowdev",
            "identity": [],
            "location": "uksouth",
            "login_server": "acrmediflowdev.azurecr.io",
            "name": "acrmediflowdev",
            "network_rule_bypass_option": "AzureServices",
            "network_rule_set": [],
            "public_network_access_enabled": true,
            "quarantine_policy_enabled": false,
            "resource_group_name": "rg-mediflow-dev",
            "retention_policy_in_days": 0,
            "sku": "Basic",
            "tags": {
              "environment": "dev",
              "managed_by": "terraform",
              "owner": "gbadedata",
              "project": "mediflow"
            },
            "timeouts": null,
            "trust_policy_enabled": false,
            "zone_redundancy_enabled": false
          },
          "sensitive_attributes": [
            [
              {
                "type": "get_attr",
                "value": "admin_password"
              }
            ]
          ],
          "identity_schema_version": 0,
          "private": "eyJlMmJmYjczMC1lY2FhLTExZTYtOGY4OC0zNDM2M2JjN2M0YzAiOnsiY3JlYXRlIjoxODAwMDAwMDAwMDAwLCJkZWxldGUiOjE4MDAwMDAwMDAwMDAsInJlYWQiOjMwMDAwMDAwMDAwMCwidXBkYXRlIjoxODAwMDAwMDAwMDAwfSwic2NoZW1hX3ZlcnNpb24iOiIyIn0=",
          "dependencies": [
            "azurerm_resource_group.main"
          ]
        }
      ]
    },
    {
      "mode": "managed",
      "type": "azurerm_key_vault",
      "name": "main",
      "provider": "provider[\"registry.terraform.io/hashicorp/azurerm\"]",
      "instances": [
        {
          "schema_version": 2,
          "attributes": {
            "access_policy": [],
            "contact": [],
            "enable_rbac_authorization": true,
            "enabled_for_deployment": false,
            "enabled_for_disk_encryption": false,
            "enabled_for_template_deployment": false,
            "id": "/subscriptions/c8928261-3c0c-4e98-bbc6-9ba70d318285/resourceGroups/rg-mediflow-dev/providers/Microsoft.KeyVault/vaults/kv-mediflow-dev",
            "location": "uksouth",
            "name": "kv-mediflow-dev",
            "network_acls": [
              {
                "bypass": "AzureServices",
                "default_action": "Allow",
                "ip_rules": [],
                "virtual_network_subnet_ids": []
              }
            ],
            "public_network_access_enabled": true,
            "purge_protection_enabled": false,
            "rbac_authorization_enabled": true,
            "resource_group_name": "rg-mediflow-dev",
            "sku_name": "standard",
            "soft_delete_retention_days": 7,
            "tags": {
              "environment": "dev",
              "managed_by": "terraform",
              "owner": "gbadedata",
              "project": "mediflow"
            },
            "tenant_id": "284fcab9-b353-44fb-8507-c7a3b277c19e",
            "timeouts": null,
            "vault_uri": "https://kv-mediflow-dev.vault.azure.net/"
          },
          "sensitive_attributes": [],
          "identity_schema_version": 0,
          "private": "eyJlMmJmYjczMC1lY2FhLTExZTYtOGY4OC0zNDM2M2JjN2M0YzAiOnsiY3JlYXRlIjoxODAwMDAwMDAwMDAwLCJkZWxldGUiOjE4MDAwMDAwMDAwMDAsInJlYWQiOjMwMDAwMDAwMDAwMCwidXBkYXRlIjoxODAwMDAwMDAwMDAwfSwic2NoZW1hX3ZlcnNpb24iOiIyIn0=",
          "dependencies": [
            "azurerm_resource_group.main",
            "data.azurerm_client_config.current"
          ]
        }
      ]
    },
    {
      "mode": "managed",
      "type": "azurerm_key_vault_secret",
      "name": "app_api_key",
      "provider": "provider[\"registry.terraform.io/hashicorp/azurerm\"]",
      "instances": [
        {
          "schema_version": 0,
          "attributes": {
            "content_type": "",
            "expiration_date": "",
            "id": "https://kv-mediflow-dev.vault.azure.net/secrets/mediflow-api-key/5cbc28fd5a744fc8b138600cda2abf30",
            "key_vault_id": "/subscriptions/c8928261-3c0c-4e98-bbc6-9ba70d318285/resourceGroups/rg-mediflow-dev/providers/Microsoft.KeyVault/vaults/kv-mediflow-dev",
            "name": "mediflow-api-key",
            "not_before_date": "",
            "resource_id": "/subscriptions/c8928261-3c0c-4e98-bbc6-9ba70d318285/resourceGroups/rg-mediflow-dev/providers/Microsoft.KeyVault/vaults/kv-mediflow-dev/secrets/mediflow-api-key/versions/5cbc28fd5a744fc8b138600cda2abf30",
            "resource_versionless_id": "/subscriptions/c8928261-3c0c-4e98-bbc6-9ba70d318285/resourceGroups/rg-mediflow-dev/providers/Microsoft.KeyVault/vaults/kv-mediflow-dev/secrets/mediflow-api-key",
            "tags": {
              "environment": "dev",
              "managed_by": "terraform",
              "owner": "gbadedata",
              "project": "mediflow"
            },
            "timeouts": null,
            "value": "placeholder-rotate-before-production",
            "value_wo": null,
            "value_wo_version": 0,
            "version": "5cbc28fd5a744fc8b138600cda2abf30",
            "versionless_id": "https://kv-mediflow-dev.vault.azure.net/secrets/mediflow-api-key"
          },
          "sensitive_attributes": [
            [
              {
                "type": "get_attr",
                "value": "value"
              }
            ]
          ],
          "identity_schema_version": 0,
          "private": "eyJlMmJmYjczMC1lY2FhLTExZTYtOGY4OC0zNDM2M2JjN2M0YzAiOnsiY3JlYXRlIjoxODAwMDAwMDAwMDAwLCJkZWxldGUiOjE4MDAwMDAwMDAwMDAsInJlYWQiOjE4MDAwMDAwMDAwMDAsInVwZGF0ZSI6MTgwMDAwMDAwMDAwMH19",
          "dependencies": [
            "azurerm_key_vault.main",
            "azurerm_resource_group.main",
            "azurerm_role_assignment.kv_admin_self",
            "data.azurerm_client_config.current"
          ]
        }
      ]
    },
    {
      "mode": "managed",
      "type": "azurerm_kubernetes_cluster",
      "name": "main",
      "provider": "provider[\"registry.terraform.io/hashicorp/azurerm\"]",
      "instances": [
        {
          "schema_version": 2,
          "attributes": {
            "aci_connector_linux": [],
            "ai_toolchain_operator_enabled": false,
            "api_server_access_profile": [],
            "auto_scaler_profile": [],
            "automatic_upgrade_channel": "",
            "azure_active_directory_role_based_access_control": [],
            "azure_policy_enabled": false,
            "bootstrap_profile": [
              {
                "artifact_source": "Direct",
                "container_registry_id": ""
              }
            ],
            "confidential_computing": [],
            "cost_analysis_enabled": false,
            "current_kubernetes_version": "1.35.4",
            "custom_ca_trust_certificates_base64": null,
            "default_node_pool": [
              {
                "auto_scaling_enabled": false,
                "capacity_reservation_group_id": "",
                "fips_enabled": false,
                "gpu_driver": "",
                "gpu_instance": "",
                "host_encryption_enabled": false,
                "host_group_id": "",
                "kubelet_config": [],
                "kubelet_disk_type": "OS",
                "linux_os_config": [],
                "max_count": 0,
                "max_pods": 30,
                "min_count": 0,
                "name": "system",
                "node_count": 2,
                "node_labels": {},
                "node_network_profile": [],
                "node_public_ip_enabled": false,
                "node_public_ip_prefix_id": "",
                "only_critical_addons_enabled": false,
                "orchestrator_version": "1.35.4",
                "os_disk_size_gb": 128,
                "os_disk_type": "Managed",
                "os_sku": "Ubuntu",
                "pod_subnet_id": "",
                "proximity_placement_group_id": "",
                "scale_down_mode": "Delete",
                "snapshot_id": "",
                "tags": null,
                "temporary_name_for_rotation": "",
                "type": "VirtualMachineScaleSets",
                "ultra_ssd_enabled": false,
                "upgrade_settings": [
                  {
                    "drain_timeout_in_minutes": 0,
                    "max_surge": "10%",
                    "node_soak_duration_in_minutes": 0,
                    "undrainable_node_behavior": ""
                  }
                ],
                "vm_size": "Standard_D2ps_v6",
                "vnet_subnet_id": "/subscriptions/c8928261-3c0c-4e98-bbc6-9ba70d318285/resourceGroups/rg-mediflow-dev/providers/Microsoft.Network/virtualNetworks/vnet-mediflow-dev/subnets/snet-aks",
                "workload_runtime": "",
                "zones": null
              }
            ],
            "disk_encryption_set_id": "",
            "dns_prefix": "mediflow-dev",
            "dns_prefix_private_cluster": "",
            "edge_zone": "",
            "fqdn": "mediflow-dev-n5uunrxq.hcp.uksouth.azmk8s.io",
            "http_application_routing_enabled": false,
            "http_application_routing_zone_name": "",
            "http_proxy_config": [],
            "id": "/subscriptions/c8928261-3c0c-4e98-bbc6-9ba70d318285/resourceGroups/rg-mediflow-dev/providers/Microsoft.ContainerService/managedClusters/aks-mediflow-dev",
            "identity": [
              {
                "identity_ids": null,
                "principal_id": "fbe03539-90cf-42d3-9f81-abdbe40468d2",
                "tenant_id": "284fcab9-b353-44fb-8507-c7a3b277c19e",
                "type": "SystemAssigned"
              }
            ],
            "image_cleaner_enabled": null,
            "image_cleaner_interval_hours": null,
            "ingress_application_gateway": [],
            "key_management_service": [],
            "key_vault_secrets_provider": [
              {
                "secret_identity": [
                  {
                    "client_id": "c9025a28-1bd1-418f-a622-1c9508a878e0",
                    "object_id": "710a4b90-8e72-4001-bb78-3448da42d9f6",
                    "user_assigned_identity_id": "/subscriptions/c8928261-3c0c-4e98-bbc6-9ba70d318285/resourcegroups/MC_rg-mediflow-dev_aks-mediflow-dev_uksouth/providers/Microsoft.ManagedIdentity/userAssignedIdentities/azurekeyvaultsecretsprovider-aks-mediflow-dev"
                  }
                ],
                "secret_rotation_enabled": true,
                "secret_rotation_interval": "2m"
              }
            ],
            "kube_admin_config": [],
            "kube_admin_config_raw": "",
            "kube_config": [
              {
                "client_certificate": "LS0tLS1CRUdJTiBDRVJUSUZJQ0FURS0tLS0tCk1JSUZIVENDQXdXZ0F3SUJBZ0lRWjh3YmllQkIrNlo4OTR1WE94SVFwakFOQmdrcWhraUc5dzBCQVFzRkFEQU4KTVFzd0NRWURWUVFERXdKallUQWVGdzB5TmpBMk1ETXlNak16TURCYUZ3MHlPREEyTURNeU1qUXpNREJhTURBeApGekFWQmdOVkJBb1REbk41YzNSbGJUcHRZWE4wWlhKek1SVXdFd1lEVlFRREV3eHRZWE4wWlhKamJHbGxiblF3CmdnSWlNQTBHQ1NxR1NJYjNEUUVCQVFVQUE0SUNEd0F3Z2dJS0FvSUNBUUNsRUFYRHJlTmpyZzBVTkRaRjBCZVAKc3o2MUpibDRFS3JvT3dYUmE2VVhkNHdOaFpicSs2ZGNic0srSHowZ0dhTW5jdnRGOEpJWGhkWVpnc3h2Vi9WWApLbUJiYjR0ajBLSXh3dW92S2F6Rlp2c3ZheiszUVE3dnErVkJsUGdOdXRxNFE5RDdjZlZzb0N2Q0pKcTU3ZHNFCnpLYkRLbUtNRk1hdERWdnFDeGRUTlNaOHJ0NmtncDVNRjY1bnJLQ3p3NklLYm5PVk9ITDNVWlQ2OFJacUxnYy8KMkI4U0hSV3d2Rk5RMVJZTDJHV2kvb3BBdlBEOXRKd2lIQnpJUHZJWVpHMXhMS0xvYXUwTmZnTGRMRzViSzB1MQpBeDhiNmpNVW9XQ1cyZlg4ZHUxMFdOUGY1ZzNSZWlLZFF4TDkwOFVUL0Q3VUxTSzhza2pVbTVycmVPUXRwZFVvCnN1SFFTeUFpOWRRSmQ1cW9Wa2tRb1VicHBHOVJvMTlaTUR5NVZMZllNdFVodU1pRUpZYmZjWXM4UHpqWE41MnIKbG5yZnlFdVFyZ3o0QVVUK3lTV0JqOFhJb2lwNlBZTm1HU0ZVT1h1Ny9USExJYk5vQk56SUxDZnNGMlBabUUwWApCVEViazVmK0RsTE5MUm1SazZXd053QTRURmttNEROdHZHOFVkdjFUSFJFallicVFMdUg0WWEvVWIrLy94NEluCmFFdGxDb09JcVNKUGdHWEhzRVluTm9OdUJtRTljTHpSd0tBTloySFhhaDJNVUZndGxBdW1GMEFyaGtxSVowd2gKc3AzZnRDaEgrV0dZMFZkcXhreFc2TDlmb0JvYzNpYUI2d3ZqSzB3cTB4VVpBVm04ckRHckdYVzZNL1JadUJ0RAo5REVLeW8xT2svMEIyMG13cVlnNEh3SURBUUFCbzFZd1ZEQU9CZ05WSFE4QkFmOEVCQU1DQmFBd0V3WURWUjBsCkJBd3dDZ1lJS3dZQkJRVUhBd0l3REFZRFZSMFRBUUgvQkFJd0FEQWZCZ05WSFNNRUdEQVdnQlRaMXJueGxUbWsKY09XSmZ2Z3ZoZW12cXNOckNUQU5CZ2txaGtpRzl3MEJBUXNGQUFPQ0FnRUFCQVE0Q0N5U0VqelYrMWdCb0FkTgpPYzYrSytRS1lGK3ZINTRUUmxXbDU3U041S3VVejFOSFl5eDh6VFdVYXFxNU50UlZuRVY3bWxVNUtmSXQ4Ynp0Ck5uMXYzZXJjcnBWMWZZVVE1QkcyVlhncndqUWZKOGZrNGNDakR1UWtxWDJFRlE5U1d1NjZzN0hOeG5qSm9Td2oKRnliNVU5NHhnTjNEdDNoSHJZZ3RHSVdjTWJSRFFPMUdOTS94TkovQjdvVXFMelI1V0M4T0s2UW05QVAzQlB0RwpjV3dURE94b3VMandNRlFZTjUrQS92T0NPK3BMV0NiTjNFeU5kVGpEWFlubkRhZG9pUmFEemJSYUE3OEpXMDA4CmxTUU9uMU9tMFJHaHB6cmVJQ3RPQVlmb2JGMEVwYzF3WlhqMjhGbVB1Z09sNnFsNHJoZHpEZnFkdmVSRHZVUDIKWEZYam8wZUx3NFRCODA2RlBVNHo0bEZrSytMaDljK1Q0K3ZPT2hZQWxlekszY2JBWDhpUU5aTWZSNSt1SkFaNwpiWEpxTWxnVUF6L2JmTDBUT2d2Q3dKWTdTbXBFOEttalo2d3R2dmtHdUtIVEI0L3V2UzlTQTdMQytyelo3Wm4xCm92aUsxVUlYTUlaVVdoZUpPUlRNZzYxcFJFblhJRUdoTDFJZGwreHFMbHJZZmZmbCtGVlM0a2JnMUhUQzMyQVMKTzVSSmhlUzV2Yys5LzRiNTBmRGhFRVNkV3NpelhKT1VVMFU5d0FybE5KdmZBVGJUQ1E3Nk1uT3lPTzRVTG9QNwp1eEdDOUNadGl3ZDV0WTk0UmJNekZKWmNyaDh2L1VGUHV6MEZNM0JtMHFWRHZiZUxxaHRPUVRvVFJpSithamlFCmloc3JseFJLRDkwRVVNcTVZQmNmMlVvPQotLS0tLUVORCBDRVJUSUZJQ0FURS0tLS0tCg==",
                "client_key": "LS0tLS1CRUdJTiBSU0EgUFJJVkFURSBLRVktLS0tLQpNSUlKSndJQkFBS0NBZ0VBcFJBRnc2M2pZNjRORkRRMlJkQVhqN00rdFNXNWVCQ3E2RHNGMFd1bEYzZU1EWVdXCjZ2dW5YRzdDdmg4OUlCbWpKM0w3UmZDU0Y0WFdHWUxNYjFmMVZ5cGdXMitMWTlDaU1jTHFMeW1zeFdiN0wycy8KdDBFTzc2dmxRWlQ0RGJyYXVFUFErM0gxYktBcndpU2F1ZTNiQk15bXd5cGlqQlRHclExYjZnc1hVelVtZks3ZQpwSUtlVEJldVo2eWdzOE9pQ201emxUaHk5MUdVK3ZFV2FpNEhQOWdmRWgwVnNMeFRVTlVXQzlobG92NktRTHp3Ci9iU2NJaHdjeUQ3eUdHUnRjU3lpNkdydERYNEMzU3h1V3l0THRRTWZHK296RktGZ2x0bjEvSGJ0ZEZqVDMrWU4KMFhvaW5VTVMvZFBGRS93KzFDMGl2TEpJMUp1YTYzamtMYVhWS0xMaDBFc2dJdlhVQ1hlYXFGWkpFS0ZHNmFSdgpVYU5mV1RBOHVWUzMyRExWSWJqSWhDV0czM0dMUEQ4NDF6ZWRxNVo2MzhoTGtLNE0rQUZFL3NrbGdZL0Z5S0lxCmVqMkRaaGtoVkRsN3UvMHh5eUd6YUFUY3lDd243QmRqMlpoTkZ3VXhHNU9YL2c1U3pTMFprWk9sc0RjQU9FeFoKSnVBemJieHZGSGI5VXgwUkkyRzZrQzdoK0dHdjFHL3YvOGVDSjJoTFpRcURpS2tpVDRCbHg3QkdKemFEYmdaaApQWEM4MGNDZ0RXZGgxMm9kakZCWUxaUUxwaGRBSzRaS2lHZE1JYktkMzdRb1IvbGhtTkZYYXNaTVZ1aS9YNkFhCkhONG1nZXNMNHl0TUt0TVZHUUZadkt3eHF4bDF1alAwV2JnYlEvUXhDc3FOVHBQOUFkdEpzS21JT0I4Q0F3RUEKQVFLQ0FnQVdMTmRoYVFpTitUR1huOFlVemZhRVh6UFMrVXozOU9GSkRyamk0Qi9QVGNlNmYxSjlvaTVqVEJ3TQpsN3pLQmJlMkVvdndZdmYxZ2d6MzQyc2NvRWY5SEZ2U25PTXdselJiRkJFTElnR3NpWC9BYUp1b1Btekh4U09wCkVsN2ExVm9SL0Vaa3FYUXIwajdldDdVenVtRTh2VlBBRDM4cXk1Vy9aUGFPdEV1L2FYb1FzUnVISldjbjJOeWMKNEFPODh0RGZydVFIVFl5Z2JremlBNmFid0RCSUl2eFZuaU91V1RhbU91SloyQW9iZ2kvSHI3cCtreGVRdTQ4ZwpWZGlIYjJLR25GVU1mV1Q0ZFkvajc5YXBsK0QxWWdSNVp4YlN0RFY2UHJEOTZHcFJRYWZCUWpKa0RKRCs2S1p5CkJGUExNZzJzeXAyS2xUY1VuUTBNaW5LNU1UaTRKakNSOWFrOEhBa1J6MnNlTGpBS1BBU2dueS8yVERSbEgyYnkKUGRuclNGT0Z4YVI4ck8wdjhldDhCRklRZFg2SjMweGgwMFlhQnE4anFlREtyd21oYzFVMENZVlRJdDBtUmhTTApER2R2QmljSndWLzFSUXdUL1lDZGI3U2M0Si9KMytHcGZFRFlRZVRYeG9BNEd3UnFWQ3BxYjRIbzdTQUVIamZKCnFqZWN6blkxQzVWM2FXVnNrc1dFcFFCMWVwemRKOHlqYS9JZFVML01JMjB6SGc4WGtud2R3RjliNFEwUmV5bXgKK1RWU3lXZThHcWdRVGw5TlQ2RytYY3JqRGVhYmRVWngvK1VlQ2dVcmdXa2Y0cFJqRDFtY215VlltRkttcUdtdQpuOWtlS2VLK3JDQ1NERVplejU4ckJrR2x1N3ZHenFaUU9MZXhSaVhrZ0JYb2IvbDF0UUtDQVFFQXdmZjNaMGgvCmlnZ2pmYzRoYmNmUVl6YmlUc0JSUlhmZkNyWS9jdW53TTlBVTBkUzFSSlRIWWIycFRUc2d3bVlzckFzNTRLYU8KU3VvUXFIdTJkZmFqTWs1NDFlN3RhWG80alpYa0lyeUg1NE5UbkVSa2hsbzk4T1RtQU5uN2g0UnRTZUplRXdTMwoxVmtVdnBUeTE4WTg3RU1HTWFlQmFZM3l3UU5QNTBCN05Pb2x3cTFhYSs4ODNWRy9rU1VFT0d4elkrQXFOOEVLCkVuMjdBNEFBSFJmMElxL1creFRBaGIwNzc2eEdsbmt0N0xQZTV2M0t3L3dLU3BNRHNkNnRRZlVja3E4ZWlBWDEKWk8vdTJrelBBMTk5OWVkQXZ2MkMvN1JvL0JIcldRQXVzWWJNWWl4b3VVcXQyVzBaZ0RWT2xXOHJyazBzRzdBQgoxMUF4bFBtRkYyQ0ZJd0tDQVFFQTJkbUx0eWxPR3FlU2cycjlFSHBnY1VVQVNnV0w5TDYvSXFqSUdqeDZnTklpCnFTaURoQi9aVUFGRjVrR3JldDlFdGRTR0YxVFdoSW8zSGM2TElkRStmZFozZ2xjQ0E0WDBLQ2RQamVhcFoyMVAKWmhrVytaZmR2RXhZTE1mQTNjZVdWVC9tbW91TjV4QzZyTlFDVTdVVGxmZFlTSWxyNjhReE1lSVU1ZitMQ3N2SApha09DZDlYQ1ZHZG5JRFlER2lHSGd2cHpzWTNKWElmNDlDRHJRaHhCZTMzZDhrYVFUTDB3YTkxQTFpSkd3V3ZJCi9rcExJZFdOamQ3Y2N2Y3hZSVQrUzVmV215aFVKVjRRNEpkSXhjQ1BncHNQN1VDYXp4bldiMHN0SldPYjNEWlEKUXBBVVlPbnoyQ0dPWXV5bVNlVkIweWNOeFZRRWVTQm1xODVGdHJUbTFRS0NBUUJhN1dUNjg4OWw0MzdQd011Rwo3UDVSSkM5ZWYyVVp6YUd2SWRRSWlJWGpwQTIrZDVvcDloeXBRd0dVaEwxTXBCMFk0WUpXUDMzQXZJem1qbWZ3ClVKZ2NReEQrS0t6K254N1hzSVpyaWptalc3cmNMR3Q3Vjk1bGlNZ1JhaDR4WHZEa2k4dFIyd3BhWnhJRWJVcVIKd0FwYkx1ZythcW1OMDg4U2ovenJDUjA0cHZMZ21lY2paZGtBWHd3UWZHdklEMzdnT1B0UmU1cS9KRldBeElaSgpIU3VDL3k4bU1JbzNwNGZyU0xVbVlOUVlmQkZuODEwVUZwaTBjTXB3blZSVzhSSmQ2TjNGSWhYeEpWQ3c0UVRDCkxnZWNPTFh2VW1RUWZvQWdlajM3VU15U3lBQVRuWUhTS3FIb3BPNHBYZFBpMVdTQ3B3YWdUQmZ3MlZVRTR4dHkKNC9wRkFvSUJBQ0k4NnBSeXpXK3Evbi9oQkx6ZVB1SU9jaWt3RGZyOUw1VUc2Y3dWelRzSnk2RENXVWtlcUV6RwpwbkcxeUhtYk5YVk9YWFMxUkxHMzkwbWIrSW5zRk9JNkhyWkJibk9YVGZReG1YTTMyVkFFQWdLTjF1cUxUN0lVClhaZE1IYWU5Z29jTGIvYkNFQjlNcGNvYjEvSEg5N2dPRTdYeXd4OWV5a3lJdDdnZUhZQW8zc0o0c2J5YnY5cjgKRlYwZW9BWXZWdGppKytQZjROSEdIUDVoWGhnWjBNRFQyMW9FZFJGYWVvMjVURU5iUjd1R2NTUm1FTURVaTFiTQp1K0Rsc01EMnBmRERnRnNLVDQ4LzVXOG0xNjBjd25GSVpZeG9KdXg5cHhIK3dxMnBwZ2xLRC9zbUljM0pkeVYwCndLZ1RnVjhEeFFDbWxxZDR1T3RBaUdKZ0hOekdPYkVDZ2dFQVFaT1UwMlB5cEw2eVlIWWQvTlFmOUlPMDdsVjEKT0FRRUhBYUJhQmtuK2F6clpwaSsxdVMrZUx6UEVRblN1a2pBRDRJMGNNOXA1WHZPU0Z6bWpxYm83TXU3U2EwKwpLNEoyRzVvb2I1M0lkQXVDU1RWdUUybXFQdlQwMDFiV09BanZBUkFoSENFMS9GR21uWi9odFBLNzFDUk0xSitqCnhkd3g4UHBSTVFLRjlEZjRMcmt0M0drSlpuNmVicFJ1a1lZdmJUOWM0SVRVbDBhUVgvQlQ0SXB5TUpYTUJ2L1MKZk9BdnU0RzRxdVhDVWJFRDR1K0VsYjZlWHU3WElPdG4yQ0lrVC9hRDdENld6RzFuWHhqV0Q4Nk1ZcVdYNTVMaQo5VFB2bHp3Y3BXd3JLeCtrb3IraXdjUTlDaTY4ZHlCNFE3NDkrb0M2SzBBZ0x3VzFndXZyZzN6SHJRPT0KLS0tLS1FTkQgUlNBIFBSSVZBVEUgS0VZLS0tLS0K",
                "cluster_ca_certificate": "LS0tLS1CRUdJTiBDRVJUSUZJQ0FURS0tLS0tCk1JSUU2RENDQXRDZ0F3SUJBZ0lRUGxXL2hPU2JWaU1HbHc5RkVOOVR6akFOQmdrcWhraUc5dzBCQVFzRkFEQU4KTVFzd0NRWURWUVFERXdKallUQWdGdzB5TmpBMk1ETXlNak16TURCYUdBOHlNRFUyTURZd016SXlORE13TUZvdwpEVEVMTUFrR0ExVUVBeE1DWTJFd2dnSWlNQTBHQ1NxR1NJYjNEUUVCQVFVQUE0SUNEd0F3Z2dJS0FvSUNBUUMxCmd0dVM1RVBEcU1wOTJjNThVRm9FTW5NK0dBMFMxR3YyN2xCdlZob0ZVcXFLREtMMnN4WjBiSm5nSXNOdVluSi8Kb3FvK1FqaTJhTHhHMjFkdzJCR1BYVDh5WXlFMzVyaHRtcDQ0T1RTMFIzY0FCcHFKTzAxKy9XRStTQU4xRlRReApzRk54Vm1qWXVDMWh4VXFvaTR3WG5ORGFXTHlERjhsQ29wN3djSTFXSjBKSFhDbWVadkxSNG5kUmNxTHZTUEE3CmxqYW1iT1R5bFBnRVVpV3k3RTFGb1BFSGFZYlV3b3RJK0hNRTZCcC9xWko0ZkpDRkZ3YWR1WHdJRFJLeUdFWVUKNTlwYlo2YnIyRTU4WGdWbUJPRUhnTHdmcHZSRDdqR0txeGE0bnoxWkpxQkU2Z3JnbGxvcll3NFIzblJIT0ZERgpXbjJ4aHJKZHJXaWFVeWZHQXlJbSs5N1MrVEN1dGN6dlRWbC9wanllbU8zdTNwbytqOWZpS1A2aSt1Z3k4cHV2CjJGUHR0RUpXTi9LOCtXU0RxK2pQNlFVbWlXM25nVjA2N2F6cW9WWU1VM3pXK1VZS2lEZW1BL3JHT09HUDhZaWYKNzdqWU9uUk5mTWFzVjM2ZDRkdnVGdElUVkFmMTVPdmhzSFBRbjFOWitISE5peEMxTCtWdTRwV2tuL1dZeGtlaAptK1F0N1hDOGlHMFB4SEY1Nm5MNkx5aHdIektmUWhJUVBZdms3SjVaRHRZVGorR3pKQTQrSWxiNFUwemZoek9zCjBIbVNnRjNJS1NJanBOZXFMWlhvVWcrUDBMbnM0eVlDbFpKKzdYdnVzamxHVVJZRlRyTFlqNXVidThyOGFja1AKYjdRZ2JyOGROZjlyU3VpZFlqR3BicmJJaHVNdHp6eFo2eFp1SlpDRnh3SURBUUFCbzBJd1FEQU9CZ05WSFE4QgpBZjhFQkFNQ0FxUXdEd1lEVlIwVEFRSC9CQVV3QXdFQi96QWRCZ05WSFE0RUZnUVUyZGE1OFpVNXBIRGxpWDc0Ckw0WHByNnJEYXdrd0RRWUpLb1pJaHZjTkFRRUxCUUFEZ2dJQkFDTlZ4OU1WL3NFZUlBUkdNOHpHd25aMktVdFkKNHJMdzdnUDJ6VEFTR2NUUEgvS3U2WUE3TlVIN294eXBsRVNpdWcrdm0rKy9JZGxZK2dPU3l3b3g2MjJaa2o0dgpGNnNJMmVhOGVJT1ZrT3Q2QkdpdXFoM0RpT0d5UVYvZEovREMvRk1odjZXWWo4R2xUeUkwNTRzS1VuU1RrcHhlCkl0Y3NjbHRGNXBJV0hlaVVNUUhCRkl3UDk5b1d2YXl6VENZZWpFN3BKb3VOdTJaSGozcm5PSHYzMlRmWWlTaTMKVXVPU3cvODRYZ0pYUFBaYVR2NEVQTUREYTNXK1FxdFBQbFRIdDZ2SU80TkdySXJsTytjWjVsSUlEa0N5N2tLNApGQ2loMXhEQThqSnRNeWlVWWxLbU9zZC8zNEp1VEdGZ21TRmxVeXZqS0Y2SUx2aXZjbGdNL2diRGI4M3NaaHY1Cis3SlJac1JDdkdTbE1lOVdaem9IS1Q4dmFxeUd3NG1zWW1MYUw3S3h0MWRZL21OS21NSkVtNmVEY3dNS2thQngKQUpwZzBYY3lUcjhIM1VIeFBGREFFajlTa3F1a0hMWC9jSXo2K250L2pwV0M0WDN6dFhIc3RjNUd3NGd2d1BneApxcSttTXlMTDRJWnNKbUYxV3IyenFsaFEzWnZZL1k5ZG1zWWxnREpGR3pqdnVqZGl1Ly9pWmdXcDdCcGd4T1JpCnFEQnNsQU1nYkh6c0lYK0ZuOHRTVWc4aSs3ZkhUcDIvVTMvNEd5bEphZ0Z4cGJTaHlPczZyZ2E1UmFkSzNNVXMKZGEvTVlNQ0hoYTFsMHFRM0oyMklncmMxdTdJckpLQnZCNUZYK1N5c2JzZThJRVhKSFdmTE0yVmV4UjZYNUIzRQo3dXdLaVZ0K0tpVGR6K3p4Ci0tLS0tRU5EIENFUlRJRklDQVRFLS0tLS0K",
                "host": "https://mediflow-dev-n5uunrxq.hcp.uksouth.azmk8s.io:443",
                "password": "avcosxv2lq3whgws5o69vsy1wz5s3uk7zrk08g0ilkcr7qo5w7zytjad4be9zhbkujqrnqci1a6dzqefhkh972ah205ycm73m6ch82kpypt876cuozmlebhwer2kchc6",
                "username": "clusterUser_rg-mediflow-dev_aks-mediflow-dev"
              }
            ],
            "kube_config_raw": "apiVersion: v1\nclusters:\n- cluster:\n    certificate-authority-data: LS0tLS1CRUdJTiBDRVJUSUZJQ0FURS0tLS0tCk1JSUU2RENDQXRDZ0F3SUJBZ0lRUGxXL2hPU2JWaU1HbHc5RkVOOVR6akFOQmdrcWhraUc5dzBCQVFzRkFEQU4KTVFzd0NRWURWUVFERXdKallUQWdGdzB5TmpBMk1ETXlNak16TURCYUdBOHlNRFUyTURZd016SXlORE13TUZvdwpEVEVMTUFrR0ExVUVBeE1DWTJFd2dnSWlNQTBHQ1NxR1NJYjNEUUVCQVFVQUE0SUNEd0F3Z2dJS0FvSUNBUUMxCmd0dVM1RVBEcU1wOTJjNThVRm9FTW5NK0dBMFMxR3YyN2xCdlZob0ZVcXFLREtMMnN4WjBiSm5nSXNOdVluSi8Kb3FvK1FqaTJhTHhHMjFkdzJCR1BYVDh5WXlFMzVyaHRtcDQ0T1RTMFIzY0FCcHFKTzAxKy9XRStTQU4xRlRReApzRk54Vm1qWXVDMWh4VXFvaTR3WG5ORGFXTHlERjhsQ29wN3djSTFXSjBKSFhDbWVadkxSNG5kUmNxTHZTUEE3CmxqYW1iT1R5bFBnRVVpV3k3RTFGb1BFSGFZYlV3b3RJK0hNRTZCcC9xWko0ZkpDRkZ3YWR1WHdJRFJLeUdFWVUKNTlwYlo2YnIyRTU4WGdWbUJPRUhnTHdmcHZSRDdqR0txeGE0bnoxWkpxQkU2Z3JnbGxvcll3NFIzblJIT0ZERgpXbjJ4aHJKZHJXaWFVeWZHQXlJbSs5N1MrVEN1dGN6dlRWbC9wanllbU8zdTNwbytqOWZpS1A2aSt1Z3k4cHV2CjJGUHR0RUpXTi9LOCtXU0RxK2pQNlFVbWlXM25nVjA2N2F6cW9WWU1VM3pXK1VZS2lEZW1BL3JHT09HUDhZaWYKNzdqWU9uUk5mTWFzVjM2ZDRkdnVGdElUVkFmMTVPdmhzSFBRbjFOWitISE5peEMxTCtWdTRwV2tuL1dZeGtlaAptK1F0N1hDOGlHMFB4SEY1Nm5MNkx5aHdIektmUWhJUVBZdms3SjVaRHRZVGorR3pKQTQrSWxiNFUwemZoek9zCjBIbVNnRjNJS1NJanBOZXFMWlhvVWcrUDBMbnM0eVlDbFpKKzdYdnVzamxHVVJZRlRyTFlqNXVidThyOGFja1AKYjdRZ2JyOGROZjlyU3VpZFlqR3BicmJJaHVNdHp6eFo2eFp1SlpDRnh3SURBUUFCbzBJd1FEQU9CZ05WSFE4QgpBZjhFQkFNQ0FxUXdEd1lEVlIwVEFRSC9CQVV3QXdFQi96QWRCZ05WSFE0RUZnUVUyZGE1OFpVNXBIRGxpWDc0Ckw0WHByNnJEYXdrd0RRWUpLb1pJaHZjTkFRRUxCUUFEZ2dJQkFDTlZ4OU1WL3NFZUlBUkdNOHpHd25aMktVdFkKNHJMdzdnUDJ6VEFTR2NUUEgvS3U2WUE3TlVIN294eXBsRVNpdWcrdm0rKy9JZGxZK2dPU3l3b3g2MjJaa2o0dgpGNnNJMmVhOGVJT1ZrT3Q2QkdpdXFoM0RpT0d5UVYvZEovREMvRk1odjZXWWo4R2xUeUkwNTRzS1VuU1RrcHhlCkl0Y3NjbHRGNXBJV0hlaVVNUUhCRkl3UDk5b1d2YXl6VENZZWpFN3BKb3VOdTJaSGozcm5PSHYzMlRmWWlTaTMKVXVPU3cvODRYZ0pYUFBaYVR2NEVQTUREYTNXK1FxdFBQbFRIdDZ2SU80TkdySXJsTytjWjVsSUlEa0N5N2tLNApGQ2loMXhEQThqSnRNeWlVWWxLbU9zZC8zNEp1VEdGZ21TRmxVeXZqS0Y2SUx2aXZjbGdNL2diRGI4M3NaaHY1Cis3SlJac1JDdkdTbE1lOVdaem9IS1Q4dmFxeUd3NG1zWW1MYUw3S3h0MWRZL21OS21NSkVtNmVEY3dNS2thQngKQUpwZzBYY3lUcjhIM1VIeFBGREFFajlTa3F1a0hMWC9jSXo2K250L2pwV0M0WDN6dFhIc3RjNUd3NGd2d1BneApxcSttTXlMTDRJWnNKbUYxV3IyenFsaFEzWnZZL1k5ZG1zWWxnREpGR3pqdnVqZGl1Ly9pWmdXcDdCcGd4T1JpCnFEQnNsQU1nYkh6c0lYK0ZuOHRTVWc4aSs3ZkhUcDIvVTMvNEd5bEphZ0Z4cGJTaHlPczZyZ2E1UmFkSzNNVXMKZGEvTVlNQ0hoYTFsMHFRM0oyMklncmMxdTdJckpLQnZCNUZYK1N5c2JzZThJRVhKSFdmTE0yVmV4UjZYNUIzRQo3dXdLaVZ0K0tpVGR6K3p4Ci0tLS0tRU5EIENFUlRJRklDQVRFLS0tLS0K\n    server: https://mediflow-dev-n5uunrxq.hcp.uksouth.azmk8s.io:443\n  name: aks-mediflow-dev\ncontexts:\n- context:\n    cluster: aks-mediflow-dev\n    user: clusterUser_rg-mediflow-dev_aks-mediflow-dev\n  name: aks-mediflow-dev\ncurrent-context: aks-mediflow-dev\nkind: Config\nusers:\n- name: clusterUser_rg-mediflow-dev_aks-mediflow-dev\n  user:\n    client-certificate-data: LS0tLS1CRUdJTiBDRVJUSUZJQ0FURS0tLS0tCk1JSUZIVENDQXdXZ0F3SUJBZ0lRWjh3YmllQkIrNlo4OTR1WE94SVFwakFOQmdrcWhraUc5dzBCQVFzRkFEQU4KTVFzd0NRWURWUVFERXdKallUQWVGdzB5TmpBMk1ETXlNak16TURCYUZ3MHlPREEyTURNeU1qUXpNREJhTURBeApGekFWQmdOVkJBb1REbk41YzNSbGJUcHRZWE4wWlhKek1SVXdFd1lEVlFRREV3eHRZWE4wWlhKamJHbGxiblF3CmdnSWlNQTBHQ1NxR1NJYjNEUUVCQVFVQUE0SUNEd0F3Z2dJS0FvSUNBUUNsRUFYRHJlTmpyZzBVTkRaRjBCZVAKc3o2MUpibDRFS3JvT3dYUmE2VVhkNHdOaFpicSs2ZGNic0srSHowZ0dhTW5jdnRGOEpJWGhkWVpnc3h2Vi9WWApLbUJiYjR0ajBLSXh3dW92S2F6Rlp2c3ZheiszUVE3dnErVkJsUGdOdXRxNFE5RDdjZlZzb0N2Q0pKcTU3ZHNFCnpLYkRLbUtNRk1hdERWdnFDeGRUTlNaOHJ0NmtncDVNRjY1bnJLQ3p3NklLYm5PVk9ITDNVWlQ2OFJacUxnYy8KMkI4U0hSV3d2Rk5RMVJZTDJHV2kvb3BBdlBEOXRKd2lIQnpJUHZJWVpHMXhMS0xvYXUwTmZnTGRMRzViSzB1MQpBeDhiNmpNVW9XQ1cyZlg4ZHUxMFdOUGY1ZzNSZWlLZFF4TDkwOFVUL0Q3VUxTSzhza2pVbTVycmVPUXRwZFVvCnN1SFFTeUFpOWRRSmQ1cW9Wa2tRb1VicHBHOVJvMTlaTUR5NVZMZllNdFVodU1pRUpZYmZjWXM4UHpqWE41MnIKbG5yZnlFdVFyZ3o0QVVUK3lTV0JqOFhJb2lwNlBZTm1HU0ZVT1h1Ny9USExJYk5vQk56SUxDZnNGMlBabUUwWApCVEViazVmK0RsTE5MUm1SazZXd053QTRURmttNEROdHZHOFVkdjFUSFJFallicVFMdUg0WWEvVWIrLy94NEluCmFFdGxDb09JcVNKUGdHWEhzRVluTm9OdUJtRTljTHpSd0tBTloySFhhaDJNVUZndGxBdW1GMEFyaGtxSVowd2gKc3AzZnRDaEgrV0dZMFZkcXhreFc2TDlmb0JvYzNpYUI2d3ZqSzB3cTB4VVpBVm04ckRHckdYVzZNL1JadUJ0RAo5REVLeW8xT2svMEIyMG13cVlnNEh3SURBUUFCbzFZd1ZEQU9CZ05WSFE4QkFmOEVCQU1DQmFBd0V3WURWUjBsCkJBd3dDZ1lJS3dZQkJRVUhBd0l3REFZRFZSMFRBUUgvQkFJd0FEQWZCZ05WSFNNRUdEQVdnQlRaMXJueGxUbWsKY09XSmZ2Z3ZoZW12cXNOckNUQU5CZ2txaGtpRzl3MEJBUXNGQUFPQ0FnRUFCQVE0Q0N5U0VqelYrMWdCb0FkTgpPYzYrSytRS1lGK3ZINTRUUmxXbDU3U041S3VVejFOSFl5eDh6VFdVYXFxNU50UlZuRVY3bWxVNUtmSXQ4Ynp0Ck5uMXYzZXJjcnBWMWZZVVE1QkcyVlhncndqUWZKOGZrNGNDakR1UWtxWDJFRlE5U1d1NjZzN0hOeG5qSm9Td2oKRnliNVU5NHhnTjNEdDNoSHJZZ3RHSVdjTWJSRFFPMUdOTS94TkovQjdvVXFMelI1V0M4T0s2UW05QVAzQlB0RwpjV3dURE94b3VMandNRlFZTjUrQS92T0NPK3BMV0NiTjNFeU5kVGpEWFlubkRhZG9pUmFEemJSYUE3OEpXMDA4CmxTUU9uMU9tMFJHaHB6cmVJQ3RPQVlmb2JGMEVwYzF3WlhqMjhGbVB1Z09sNnFsNHJoZHpEZnFkdmVSRHZVUDIKWEZYam8wZUx3NFRCODA2RlBVNHo0bEZrSytMaDljK1Q0K3ZPT2hZQWxlekszY2JBWDhpUU5aTWZSNSt1SkFaNwpiWEpxTWxnVUF6L2JmTDBUT2d2Q3dKWTdTbXBFOEttalo2d3R2dmtHdUtIVEI0L3V2UzlTQTdMQytyelo3Wm4xCm92aUsxVUlYTUlaVVdoZUpPUlRNZzYxcFJFblhJRUdoTDFJZGwreHFMbHJZZmZmbCtGVlM0a2JnMUhUQzMyQVMKTzVSSmhlUzV2Yys5LzRiNTBmRGhFRVNkV3NpelhKT1VVMFU5d0FybE5KdmZBVGJUQ1E3Nk1uT3lPTzRVTG9QNwp1eEdDOUNadGl3ZDV0WTk0UmJNekZKWmNyaDh2L1VGUHV6MEZNM0JtMHFWRHZiZUxxaHRPUVRvVFJpSithamlFCmloc3JseFJLRDkwRVVNcTVZQmNmMlVvPQotLS0tLUVORCBDRVJUSUZJQ0FURS0tLS0tCg==\n    client-key-data: LS0tLS1CRUdJTiBSU0EgUFJJVkFURSBLRVktLS0tLQpNSUlKSndJQkFBS0NBZ0VBcFJBRnc2M2pZNjRORkRRMlJkQVhqN00rdFNXNWVCQ3E2RHNGMFd1bEYzZU1EWVdXCjZ2dW5YRzdDdmg4OUlCbWpKM0w3UmZDU0Y0WFdHWUxNYjFmMVZ5cGdXMitMWTlDaU1jTHFMeW1zeFdiN0wycy8KdDBFTzc2dmxRWlQ0RGJyYXVFUFErM0gxYktBcndpU2F1ZTNiQk15bXd5cGlqQlRHclExYjZnc1hVelVtZks3ZQpwSUtlVEJldVo2eWdzOE9pQ201emxUaHk5MUdVK3ZFV2FpNEhQOWdmRWgwVnNMeFRVTlVXQzlobG92NktRTHp3Ci9iU2NJaHdjeUQ3eUdHUnRjU3lpNkdydERYNEMzU3h1V3l0THRRTWZHK296RktGZ2x0bjEvSGJ0ZEZqVDMrWU4KMFhvaW5VTVMvZFBGRS93KzFDMGl2TEpJMUp1YTYzamtMYVhWS0xMaDBFc2dJdlhVQ1hlYXFGWkpFS0ZHNmFSdgpVYU5mV1RBOHVWUzMyRExWSWJqSWhDV0czM0dMUEQ4NDF6ZWRxNVo2MzhoTGtLNE0rQUZFL3NrbGdZL0Z5S0lxCmVqMkRaaGtoVkRsN3UvMHh5eUd6YUFUY3lDd243QmRqMlpoTkZ3VXhHNU9YL2c1U3pTMFprWk9sc0RjQU9FeFoKSnVBemJieHZGSGI5VXgwUkkyRzZrQzdoK0dHdjFHL3YvOGVDSjJoTFpRcURpS2tpVDRCbHg3QkdKemFEYmdaaApQWEM4MGNDZ0RXZGgxMm9kakZCWUxaUUxwaGRBSzRaS2lHZE1JYktkMzdRb1IvbGhtTkZYYXNaTVZ1aS9YNkFhCkhONG1nZXNMNHl0TUt0TVZHUUZadkt3eHF4bDF1alAwV2JnYlEvUXhDc3FOVHBQOUFkdEpzS21JT0I4Q0F3RUEKQVFLQ0FnQVdMTmRoYVFpTitUR1huOFlVemZhRVh6UFMrVXozOU9GSkRyamk0Qi9QVGNlNmYxSjlvaTVqVEJ3TQpsN3pLQmJlMkVvdndZdmYxZ2d6MzQyc2NvRWY5SEZ2U25PTXdselJiRkJFTElnR3NpWC9BYUp1b1Btekh4U09wCkVsN2ExVm9SL0Vaa3FYUXIwajdldDdVenVtRTh2VlBBRDM4cXk1Vy9aUGFPdEV1L2FYb1FzUnVISldjbjJOeWMKNEFPODh0RGZydVFIVFl5Z2JremlBNmFid0RCSUl2eFZuaU91V1RhbU91SloyQW9iZ2kvSHI3cCtreGVRdTQ4ZwpWZGlIYjJLR25GVU1mV1Q0ZFkvajc5YXBsK0QxWWdSNVp4YlN0RFY2UHJEOTZHcFJRYWZCUWpKa0RKRCs2S1p5CkJGUExNZzJzeXAyS2xUY1VuUTBNaW5LNU1UaTRKakNSOWFrOEhBa1J6MnNlTGpBS1BBU2dueS8yVERSbEgyYnkKUGRuclNGT0Z4YVI4ck8wdjhldDhCRklRZFg2SjMweGgwMFlhQnE4anFlREtyd21oYzFVMENZVlRJdDBtUmhTTApER2R2QmljSndWLzFSUXdUL1lDZGI3U2M0Si9KMytHcGZFRFlRZVRYeG9BNEd3UnFWQ3BxYjRIbzdTQUVIamZKCnFqZWN6blkxQzVWM2FXVnNrc1dFcFFCMWVwemRKOHlqYS9JZFVML01JMjB6SGc4WGtud2R3RjliNFEwUmV5bXgKK1RWU3lXZThHcWdRVGw5TlQ2RytYY3JqRGVhYmRVWngvK1VlQ2dVcmdXa2Y0cFJqRDFtY215VlltRkttcUdtdQpuOWtlS2VLK3JDQ1NERVplejU4ckJrR2x1N3ZHenFaUU9MZXhSaVhrZ0JYb2IvbDF0UUtDQVFFQXdmZjNaMGgvCmlnZ2pmYzRoYmNmUVl6YmlUc0JSUlhmZkNyWS9jdW53TTlBVTBkUzFSSlRIWWIycFRUc2d3bVlzckFzNTRLYU8KU3VvUXFIdTJkZmFqTWs1NDFlN3RhWG80alpYa0lyeUg1NE5UbkVSa2hsbzk4T1RtQU5uN2g0UnRTZUplRXdTMwoxVmtVdnBUeTE4WTg3RU1HTWFlQmFZM3l3UU5QNTBCN05Pb2x3cTFhYSs4ODNWRy9rU1VFT0d4elkrQXFOOEVLCkVuMjdBNEFBSFJmMElxL1creFRBaGIwNzc2eEdsbmt0N0xQZTV2M0t3L3dLU3BNRHNkNnRRZlVja3E4ZWlBWDEKWk8vdTJrelBBMTk5OWVkQXZ2MkMvN1JvL0JIcldRQXVzWWJNWWl4b3VVcXQyVzBaZ0RWT2xXOHJyazBzRzdBQgoxMUF4bFBtRkYyQ0ZJd0tDQVFFQTJkbUx0eWxPR3FlU2cycjlFSHBnY1VVQVNnV0w5TDYvSXFqSUdqeDZnTklpCnFTaURoQi9aVUFGRjVrR3JldDlFdGRTR0YxVFdoSW8zSGM2TElkRStmZFozZ2xjQ0E0WDBLQ2RQamVhcFoyMVAKWmhrVytaZmR2RXhZTE1mQTNjZVdWVC9tbW91TjV4QzZyTlFDVTdVVGxmZFlTSWxyNjhReE1lSVU1ZitMQ3N2SApha09DZDlYQ1ZHZG5JRFlER2lHSGd2cHpzWTNKWElmNDlDRHJRaHhCZTMzZDhrYVFUTDB3YTkxQTFpSkd3V3ZJCi9rcExJZFdOamQ3Y2N2Y3hZSVQrUzVmV215aFVKVjRRNEpkSXhjQ1BncHNQN1VDYXp4bldiMHN0SldPYjNEWlEKUXBBVVlPbnoyQ0dPWXV5bVNlVkIweWNOeFZRRWVTQm1xODVGdHJUbTFRS0NBUUJhN1dUNjg4OWw0MzdQd011Rwo3UDVSSkM5ZWYyVVp6YUd2SWRRSWlJWGpwQTIrZDVvcDloeXBRd0dVaEwxTXBCMFk0WUpXUDMzQXZJem1qbWZ3ClVKZ2NReEQrS0t6K254N1hzSVpyaWptalc3cmNMR3Q3Vjk1bGlNZ1JhaDR4WHZEa2k4dFIyd3BhWnhJRWJVcVIKd0FwYkx1ZythcW1OMDg4U2ovenJDUjA0cHZMZ21lY2paZGtBWHd3UWZHdklEMzdnT1B0UmU1cS9KRldBeElaSgpIU3VDL3k4bU1JbzNwNGZyU0xVbVlOUVlmQkZuODEwVUZwaTBjTXB3blZSVzhSSmQ2TjNGSWhYeEpWQ3c0UVRDCkxnZWNPTFh2VW1RUWZvQWdlajM3VU15U3lBQVRuWUhTS3FIb3BPNHBYZFBpMVdTQ3B3YWdUQmZ3MlZVRTR4dHkKNC9wRkFvSUJBQ0k4NnBSeXpXK3Evbi9oQkx6ZVB1SU9jaWt3RGZyOUw1VUc2Y3dWelRzSnk2RENXVWtlcUV6RwpwbkcxeUhtYk5YVk9YWFMxUkxHMzkwbWIrSW5zRk9JNkhyWkJibk9YVGZReG1YTTMyVkFFQWdLTjF1cUxUN0lVClhaZE1IYWU5Z29jTGIvYkNFQjlNcGNvYjEvSEg5N2dPRTdYeXd4OWV5a3lJdDdnZUhZQW8zc0o0c2J5YnY5cjgKRlYwZW9BWXZWdGppKytQZjROSEdIUDVoWGhnWjBNRFQyMW9FZFJGYWVvMjVURU5iUjd1R2NTUm1FTURVaTFiTQp1K0Rsc01EMnBmRERnRnNLVDQ4LzVXOG0xNjBjd25GSVpZeG9KdXg5cHhIK3dxMnBwZ2xLRC9zbUljM0pkeVYwCndLZ1RnVjhEeFFDbWxxZDR1T3RBaUdKZ0hOekdPYkVDZ2dFQVFaT1UwMlB5cEw2eVlIWWQvTlFmOUlPMDdsVjEKT0FRRUhBYUJhQmtuK2F6clpwaSsxdVMrZUx6UEVRblN1a2pBRDRJMGNNOXA1WHZPU0Z6bWpxYm83TXU3U2EwKwpLNEoyRzVvb2I1M0lkQXVDU1RWdUUybXFQdlQwMDFiV09BanZBUkFoSENFMS9GR21uWi9odFBLNzFDUk0xSitqCnhkd3g4UHBSTVFLRjlEZjRMcmt0M0drSlpuNmVicFJ1a1lZdmJUOWM0SVRVbDBhUVgvQlQ0SXB5TUpYTUJ2L1MKZk9BdnU0RzRxdVhDVWJFRDR1K0VsYjZlWHU3WElPdG4yQ0lrVC9hRDdENld6RzFuWHhqV0Q4Nk1ZcVdYNTVMaQo5VFB2bHp3Y3BXd3JLeCtrb3IraXdjUTlDaTY4ZHlCNFE3NDkrb0M2SzBBZ0x3VzFndXZyZzN6SHJRPT0KLS0tLS1FTkQgUlNBIFBSSVZBVEUgS0VZLS0tLS0K\n    token: avcosxv2lq3whgws5o69vsy1wz5s3uk7zrk08g0ilkcr7qo5w7zytjad4be9zhbkujqrnqci1a6dzqefhkh972ah205ycm73m6ch82kpypt876cuozmlebhwer2kchc6\n",
            "kubelet_identity": [
              {
                "client_id": "2ca107ed-4d58-42a7-a3b2-92310920aa95",
                "object_id": "072dd7c2-a040-4a99-a954-6d6d81d80c11",
                "user_assigned_identity_id": "/subscriptions/c8928261-3c0c-4e98-bbc6-9ba70d318285/resourceGroups/MC_rg-mediflow-dev_aks-mediflow-dev_uksouth/providers/Microsoft.ManagedIdentity/userAssignedIdentities/aks-mediflow-dev-agentpool"
              }
            ],
            "kubernetes_version": "1.35.4",
            "linux_profile": [],
            "local_account_disabled": false,
            "location": "uksouth",
            "maintenance_window": [],
            "maintenance_window_auto_upgrade": [],
            "maintenance_window_node_os": [],
            "microsoft_defender": [],
            "monitor_metrics": [],
            "name": "aks-mediflow-dev",
            "network_profile": [
              {
                "advanced_networking": [],
                "dns_service_ip": "10.1.0.10",
                "ip_versions": [
                  "IPv4"
                ],
                "load_balancer_profile": [
                  {
                    "backend_pool_type": "NodeIPConfiguration",
                    "effective_outbound_ips": [
                      "/subscriptions/c8928261-3c0c-4e98-bbc6-9ba70d318285/resourceGroups/MC_rg-mediflow-dev_aks-mediflow-dev_uksouth/providers/Microsoft.Network/publicIPAddresses/65eefaba-6575-447b-8223-8a2448f0950a"
                    ],
                    "idle_timeout_in_minutes": 0,
                    "managed_outbound_ip_count": 1,
                    "managed_outbound_ipv6_count": 0,
                    "outbound_ip_address_ids": [],
                    "outbound_ip_prefix_ids": [],
                    "outbound_ports_allocated": 0
                  }
                ],
                "load_balancer_sku": "standard",
                "nat_gateway_profile": [],
                "network_data_plane": "azure",
                "network_mode": "",
                "network_plugin": "azure",
                "network_plugin_mode": "",
                "network_policy": "azure",
                "outbound_type": "loadBalancer",
                "pod_cidr": "",
                "pod_cidrs": [],
                "service_cidr": "10.1.0.0/16",
                "service_cidrs": [
                  "10.1.0.0/16"
                ]
              }
            ],
            "node_os_upgrade_channel": "NodeImage",
            "node_provisioning_profile": [
              {
                "default_node_pools": "Auto",
                "mode": "Manual"
              }
            ],
            "node_resource_group": "MC_rg-mediflow-dev_aks-mediflow-dev_uksouth",
            "node_resource_group_id": "/subscriptions/c8928261-3c0c-4e98-bbc6-9ba70d318285/resourceGroups/MC_rg-mediflow-dev_aks-mediflow-dev_uksouth",
            "oidc_issuer_enabled": true,
            "oidc_issuer_url": "https://uksouth.oic.prod-aks.azure.com/284fcab9-b353-44fb-8507-c7a3b277c19e/7d9aa0e8-7f46-4892-9393-4643db7e9652/",
            "oms_agent": [
              {
                "log_analytics_workspace_id": "/subscriptions/c8928261-3c0c-4e98-bbc6-9ba70d318285/resourceGroups/rg-mediflow-dev/providers/Microsoft.OperationalInsights/workspaces/law-mediflow-dev",
                "msi_auth_for_monitoring_enabled": false,
                "oms_agent_identity": [
                  {
                    "client_id": "3cbb4582-45f9-45bc-ac45-4e97f6f64d71",
                    "object_id": "ddc7272a-ebde-4fdf-ad8a-5ef5b6a4d4c7",
                    "user_assigned_identity_id": "/subscriptions/c8928261-3c0c-4e98-bbc6-9ba70d318285/resourcegroups/MC_rg-mediflow-dev_aks-mediflow-dev_uksouth/providers/Microsoft.ManagedIdentity/userAssignedIdentities/omsagent-aks-mediflow-dev"
                  }
                ]
              }
            ],
            "open_service_mesh_enabled": false,
            "portal_fqdn": "mediflow-dev-n5uunrxq.portal.hcp.uksouth.azmk8s.io",
            "private_cluster_enabled": false,
            "private_cluster_public_fqdn_enabled": false,
            "private_dns_zone_id": "",
            "private_fqdn": "",
            "resource_group_name": "rg-mediflow-dev",
            "role_based_access_control_enabled": true,
            "run_command_enabled": true,
            "service_mesh_profile": [],
            "service_principal": [],
            "sku_tier": "Free",
            "storage_profile": [],
            "support_plan": "KubernetesOfficial",
            "tags": {
              "environment": "dev",
              "managed_by": "terraform",
              "owner": "gbadedata",
              "project": "mediflow"
            },
            "timeouts": null,
            "upgrade_override": [],
            "web_app_routing": [],
            "windows_profile": [
              {
                "admin_password": "",
                "admin_username": "azureuser",
                "gmsa": [],
                "license": ""
              }
            ],
            "workload_autoscaler_profile": [],
            "workload_identity_enabled": false
          },
          "sensitive_attributes": [
            [
              {
                "type": "get_attr",
                "value": "kube_admin_config"
              }
            ],
            [
              {
                "type": "get_attr",
                "value": "kube_admin_config_raw"
              }
            ],
            [
              {
                "type": "get_attr",
                "value": "kube_config"
              }
            ],
            [
              {
                "type": "get_attr",
                "value": "kube_config_raw"
              }
            ],
            [
              {
                "type": "get_attr",
                "value": "windows_profile"
              },
              {
                "type": "index",
                "value": {
                  "value": 0,
                  "type": "number"
                }
              },
              {
                "type": "get_attr",
                "value": "admin_password"
              }
            ]
          ],
          "identity_schema_version": 0,
          "private": "eyJlMmJmYjczMC1lY2FhLTExZTYtOGY4OC0zNDM2M2JjN2M0YzAiOnsiY3JlYXRlIjo1NDAwMDAwMDAwMDAwLCJkZWxldGUiOjU0MDAwMDAwMDAwMDAsInJlYWQiOjMwMDAwMDAwMDAwMCwidXBkYXRlIjo1NDAwMDAwMDAwMDAwfSwic2NoZW1hX3ZlcnNpb24iOiIyIn0=",
          "dependencies": [
            "azurerm_log_analytics_workspace.main",
            "azurerm_resource_group.main",
            "azurerm_subnet.aks",
            "azurerm_virtual_network.main"
          ]
        }
      ]
    },
    {
      "mode": "managed",
      "type": "azurerm_log_analytics_workspace",
      "name": "main",
      "provider": "provider[\"registry.terraform.io/hashicorp/azurerm\"]",
      "instances": [
        {
          "schema_version": 3,
          "attributes": {
            "allow_resource_only_permissions": true,
            "cmk_for_query_forced": false,
            "daily_quota_gb": -1,
            "data_collection_rule_id": "",
            "id": "/subscriptions/c8928261-3c0c-4e98-bbc6-9ba70d318285/resourceGroups/rg-mediflow-dev/providers/Microsoft.OperationalInsights/workspaces/law-mediflow-dev",
            "identity": [],
            "immediate_data_purge_on_30_days_enabled": false,
            "internet_ingestion_enabled": true,
            "internet_query_enabled": true,
            "local_authentication_disabled": false,
            "local_authentication_enabled": true,
            "location": "uksouth",
            "name": "law-mediflow-dev",
            "primary_shared_key": "az6pO+S97dQBteF71++DG8rtezLvOtit6woK2RcDBShTtZ9SrKCwCSw4+lGnbO0gJ6Bdg/6U7rYKW49/2GO4LA==",
            "reservation_capacity_in_gb_per_day": null,
            "resource_group_name": "rg-mediflow-dev",
            "retention_in_days": 30,
            "secondary_shared_key": "BxyHhS3Ssw1GK3KtHc5y5aZVD9S662NiMfQ6E3ocTE8jxXg0sIqzet98jPvPFQRW+xwVVksSSfjuKDJ28qnaEg==",
            "sku": "PerGB2018",
            "tags": {
              "environment": "dev",
              "managed_by": "terraform",
              "owner": "gbadedata",
              "project": "mediflow"
            },
            "timeouts": null,
            "workspace_id": "fff8c2a9-9e18-4c01-bcef-5960c5e47e65"
          },
          "sensitive_attributes": [
            [
              {
                "type": "get_attr",
                "value": "primary_shared_key"
              }
            ],
            [
              {
                "type": "get_attr",
                "value": "secondary_shared_key"
              }
            ]
          ],
          "identity_schema_version": 0,
          "private": "eyJlMmJmYjczMC1lY2FhLTExZTYtOGY4OC0zNDM2M2JjN2M0YzAiOnsiY3JlYXRlIjoxODAwMDAwMDAwMDAwLCJkZWxldGUiOjE4MDAwMDAwMDAwMDAsInJlYWQiOjMwMDAwMDAwMDAwMCwidXBkYXRlIjoxODAwMDAwMDAwMDAwfSwic2NoZW1hX3ZlcnNpb24iOiIzIn0=",
          "dependencies": [
            "azurerm_resource_group.main"
          ]
        }
      ]
    },
    {
      "mode": "managed",
      "type": "azurerm_resource_group",
      "name": "main",
      "provider": "provider[\"registry.terraform.io/hashicorp/azurerm\"]",
      "instances": [
        {
          "schema_version": 0,
          "attributes": {
            "id": "/subscriptions/c8928261-3c0c-4e98-bbc6-9ba70d318285/resourceGroups/rg-mediflow-dev",
            "location": "uksouth",
            "managed_by": "",
            "name": "rg-mediflow-dev",
            "tags": {
              "environment": "dev",
              "managed_by": "terraform",
              "owner": "gbadedata",
              "project": "mediflow"
            },
            "timeouts": null
          },
          "sensitive_attributes": [],
          "identity_schema_version": 0,
          "identity": {
            "name": "rg-mediflow-dev",
            "subscription_id": "c8928261-3c0c-4e98-bbc6-9ba70d318285"
          },
          "private": "eyJlMmJmYjczMC1lY2FhLTExZTYtOGY4OC0zNDM2M2JjN2M0YzAiOnsiY3JlYXRlIjo1NDAwMDAwMDAwMDAwLCJkZWxldGUiOjU0MDAwMDAwMDAwMDAsInJlYWQiOjMwMDAwMDAwMDAwMCwidXBkYXRlIjo1NDAwMDAwMDAwMDAwfX0="
        }
      ]
    },
    {
      "mode": "managed",
      "type": "azurerm_role_assignment",
      "name": "aks_acr_pull",
      "provider": "provider[\"registry.terraform.io/hashicorp/azurerm\"]",
      "instances": [
        {
          "schema_version": 0,
          "attributes": {
            "condition": "",
            "condition_version": "",
            "delegated_managed_identity_resource_id": "",
            "description": "",
            "id": "/subscriptions/c8928261-3c0c-4e98-bbc6-9ba70d318285/resourceGroups/rg-mediflow-dev/providers/Microsoft.ContainerRegistry/registries/acrmediflowdev/providers/Microsoft.Authorization/roleAssignments/4996bafe-923a-94bb-da42-0fab2dbae7b0",
            "name": "4996bafe-923a-94bb-da42-0fab2dbae7b0",
            "principal_id": "072dd7c2-a040-4a99-a954-6d6d81d80c11",
            "principal_type": "ServicePrincipal",
            "role_definition_id": "/subscriptions/c8928261-3c0c-4e98-bbc6-9ba70d318285/providers/Microsoft.Authorization/roleDefinitions/7f951dda-4ed3-4680-a7ca-43fe172d538d",
            "role_definition_name": "AcrPull",
            "scope": "/subscriptions/c8928261-3c0c-4e98-bbc6-9ba70d318285/resourceGroups/rg-mediflow-dev/providers/Microsoft.ContainerRegistry/registries/acrmediflowdev",
            "skip_service_principal_aad_check": true,
            "timeouts": null
          },
          "sensitive_attributes": [],
          "identity_schema_version": 0,
          "private": "eyJlMmJmYjczMC1lY2FhLTExZTYtOGY4OC0zNDM2M2JjN2M0YzAiOnsiY3JlYXRlIjoxODAwMDAwMDAwMDAwLCJkZWxldGUiOjE4MDAwMDAwMDAwMDAsInJlYWQiOjMwMDAwMDAwMDAwMH19",
          "dependencies": [
            "azurerm_container_registry.main",
            "azurerm_kubernetes_cluster.main",
            "azurerm_log_analytics_workspace.main",
            "azurerm_resource_group.main",
            "azurerm_subnet.aks",
            "azurerm_virtual_network.main"
          ]
        }
      ]
    },
    {
      "mode": "managed",
      "type": "azurerm_role_assignment",
      "name": "kv_admin_self",
      "provider": "provider[\"registry.terraform.io/hashicorp/azurerm\"]",
      "instances": [
        {
          "schema_version": 0,
          "attributes": {
            "condition": "",
            "condition_version": "",
            "delegated_managed_identity_resource_id": "",
            "description": "",
            "id": "/subscriptions/c8928261-3c0c-4e98-bbc6-9ba70d318285/resourceGroups/rg-mediflow-dev/providers/Microsoft.KeyVault/vaults/kv-mediflow-dev/providers/Microsoft.Authorization/roleAssignments/c91cd0f2-17da-196d-1218-ff7684fa38f2",
            "name": "c91cd0f2-17da-196d-1218-ff7684fa38f2",
            "principal_id": "c745ba5b-58b5-41e4-9f15-ae202a3b30ca",
            "principal_type": "User",
            "role_definition_id": "/subscriptions/c8928261-3c0c-4e98-bbc6-9ba70d318285/providers/Microsoft.Authorization/roleDefinitions/00482a5a-887f-4fb3-b363-3b7fe8e74483",
            "role_definition_name": "Key Vault Administrator",
            "scope": "/subscriptions/c8928261-3c0c-4e98-bbc6-9ba70d318285/resourceGroups/rg-mediflow-dev/providers/Microsoft.KeyVault/vaults/kv-mediflow-dev",
            "skip_service_principal_aad_check": null,
            "timeouts": null
          },
          "sensitive_attributes": [],
          "identity_schema_version": 0,
          "private": "eyJlMmJmYjczMC1lY2FhLTExZTYtOGY4OC0zNDM2M2JjN2M0YzAiOnsiY3JlYXRlIjoxODAwMDAwMDAwMDAwLCJkZWxldGUiOjE4MDAwMDAwMDAwMDAsInJlYWQiOjMwMDAwMDAwMDAwMH19",
          "dependencies": [
            "azurerm_key_vault.main",
            "azurerm_resource_group.main",
            "data.azurerm_client_config.current"
          ]
        }
      ]
    },
    {
      "mode": "managed",
      "type": "azurerm_role_assignment",
      "name": "kv_secrets_aks",
      "provider": "provider[\"registry.terraform.io/hashicorp/azurerm\"]",
      "instances": [
        {
          "schema_version": 0,
          "attributes": {
            "condition": "",
            "condition_version": "",
            "delegated_managed_identity_resource_id": "",
            "description": "",
            "id": "/subscriptions/c8928261-3c0c-4e98-bbc6-9ba70d318285/resourceGroups/rg-mediflow-dev/providers/Microsoft.KeyVault/vaults/kv-mediflow-dev/providers/Microsoft.Authorization/roleAssignments/cdd96c29-5fb0-19c1-b94c-e5977761caed",
            "name": "cdd96c29-5fb0-19c1-b94c-e5977761caed",
            "principal_id": "710a4b90-8e72-4001-bb78-3448da42d9f6",
            "principal_type": "ServicePrincipal",
            "role_definition_id": "/subscriptions/c8928261-3c0c-4e98-bbc6-9ba70d318285/providers/Microsoft.Authorization/roleDefinitions/4633458b-17de-408a-b874-0445c86b69e6",
            "role_definition_name": "Key Vault Secrets User",
            "scope": "/subscriptions/c8928261-3c0c-4e98-bbc6-9ba70d318285/resourceGroups/rg-mediflow-dev/providers/Microsoft.KeyVault/vaults/kv-mediflow-dev",
            "skip_service_principal_aad_check": null,
            "timeouts": null
          },
          "sensitive_attributes": [],
          "identity_schema_version": 0,
          "private": "eyJlMmJmYjczMC1lY2FhLTExZTYtOGY4OC0zNDM2M2JjN2M0YzAiOnsiY3JlYXRlIjoxODAwMDAwMDAwMDAwLCJkZWxldGUiOjE4MDAwMDAwMDAwMDAsInJlYWQiOjMwMDAwMDAwMDAwMH19",
          "dependencies": [
            "azurerm_key_vault.main",
            "azurerm_kubernetes_cluster.main",
            "azurerm_log_analytics_workspace.main",
            "azurerm_resource_group.main",
            "azurerm_subnet.aks",
            "azurerm_virtual_network.main",
            "data.azurerm_client_config.current"
          ]
        }
      ]
    },
    {
      "mode": "managed",
      "type": "azurerm_subnet",
      "name": "aks",
      "provider": "provider[\"registry.terraform.io/hashicorp/azurerm\"]",
      "instances": [
        {
          "schema_version": 0,
          "attributes": {
            "address_prefixes": [
              "10.0.1.0/24"
            ],
            "default_outbound_access_enabled": true,
            "delegation": [],
            "id": "/subscriptions/c8928261-3c0c-4e98-bbc6-9ba70d318285/resourceGroups/rg-mediflow-dev/providers/Microsoft.Network/virtualNetworks/vnet-mediflow-dev/subnets/snet-aks",
            "ip_address_pool": [],
            "name": "snet-aks",
            "private_endpoint_network_policies": "Disabled",
            "private_link_service_network_policies_enabled": true,
            "resource_group_name": "rg-mediflow-dev",
            "service_endpoint_policy_ids": [],
            "service_endpoints": [],
            "sharing_scope": "",
            "timeouts": null,
            "virtual_network_name": "vnet-mediflow-dev"
          },
          "sensitive_attributes": [],
          "identity_schema_version": 0,
          "identity": {
            "name": "snet-aks",
            "resource_group_name": "rg-mediflow-dev",
            "subscription_id": "c8928261-3c0c-4e98-bbc6-9ba70d318285",
            "virtual_network_name": "vnet-mediflow-dev"
          },
          "private": "eyJlMmJmYjczMC1lY2FhLTExZTYtOGY4OC0zNDM2M2JjN2M0YzAiOnsiY3JlYXRlIjoxODAwMDAwMDAwMDAwLCJkZWxldGUiOjE4MDAwMDAwMDAwMDAsInJlYWQiOjMwMDAwMDAwMDAwMCwidXBkYXRlIjoxODAwMDAwMDAwMDAwfX0=",
          "dependencies": [
            "azurerm_resource_group.main",
            "azurerm_virtual_network.main"
          ]
        }
      ]
    },
    {
      "mode": "managed",
      "type": "azurerm_subnet",
      "name": "appgw",
      "provider": "provider[\"registry.terraform.io/hashicorp/azurerm\"]",
      "instances": [
        {
          "schema_version": 0,
          "attributes": {
            "address_prefixes": [
              "10.0.2.0/24"
            ],
            "default_outbound_access_enabled": true,
            "delegation": [],
            "id": "/subscriptions/c8928261-3c0c-4e98-bbc6-9ba70d318285/resourceGroups/rg-mediflow-dev/providers/Microsoft.Network/virtualNetworks/vnet-mediflow-dev/subnets/snet-appgw",
            "ip_address_pool": [],
            "name": "snet-appgw",
            "private_endpoint_network_policies": "Disabled",
            "private_link_service_network_policies_enabled": true,
            "resource_group_name": "rg-mediflow-dev",
            "service_endpoint_policy_ids": [],
            "service_endpoints": [],
            "sharing_scope": "",
            "timeouts": null,
            "virtual_network_name": "vnet-mediflow-dev"
          },
          "sensitive_attributes": [],
          "identity_schema_version": 0,
          "identity": {
            "name": "snet-appgw",
            "resource_group_name": "rg-mediflow-dev",
            "subscription_id": "c8928261-3c0c-4e98-bbc6-9ba70d318285",
            "virtual_network_name": "vnet-mediflow-dev"
          },
          "private": "eyJlMmJmYjczMC1lY2FhLTExZTYtOGY4OC0zNDM2M2JjN2M0YzAiOnsiY3JlYXRlIjoxODAwMDAwMDAwMDAwLCJkZWxldGUiOjE4MDAwMDAwMDAwMDAsInJlYWQiOjMwMDAwMDAwMDAwMCwidXBkYXRlIjoxODAwMDAwMDAwMDAwfX0=",
          "dependencies": [
            "azurerm_resource_group.main",
            "azurerm_virtual_network.main"
          ]
        }
      ]
    },
    {
      "mode": "managed",
      "type": "azurerm_virtual_network",
      "name": "main",
      "provider": "provider[\"registry.terraform.io/hashicorp/azurerm\"]",
      "instances": [
        {
          "schema_version": 0,
          "attributes": {
            "address_space": [
              "10.0.0.0/16"
            ],
            "bgp_community": "",
            "ddos_protection_plan": [],
            "dns_servers": [],
            "edge_zone": "",
            "encryption": [],
            "flow_timeout_in_minutes": 0,
            "guid": "17bbc289-232a-4ce5-877c-4999196e5ff9",
            "id": "/subscriptions/c8928261-3c0c-4e98-bbc6-9ba70d318285/resourceGroups/rg-mediflow-dev/providers/Microsoft.Network/virtualNetworks/vnet-mediflow-dev",
            "ip_address_pool": [],
            "location": "uksouth",
            "name": "vnet-mediflow-dev",
            "private_endpoint_vnet_policies": "Disabled",
            "resource_group_name": "rg-mediflow-dev",
            "subnet": [
              {
                "address_prefixes": [
                  "10.0.1.0/24"
                ],
                "default_outbound_access_enabled": true,
                "delegation": [],
                "id": "/subscriptions/c8928261-3c0c-4e98-bbc6-9ba70d318285/resourceGroups/rg-mediflow-dev/providers/Microsoft.Network/virtualNetworks/vnet-mediflow-dev/subnets/snet-aks",
                "name": "snet-aks",
                "private_endpoint_network_policies": "Disabled",
                "private_link_service_network_policies_enabled": true,
                "route_table_id": "",
                "security_group": "",
                "service_endpoint_policy_ids": [],
                "service_endpoints": []
              },
              {
                "address_prefixes": [
                  "10.0.2.0/24"
                ],
                "default_outbound_access_enabled": true,
                "delegation": [],
                "id": "/subscriptions/c8928261-3c0c-4e98-bbc6-9ba70d318285/resourceGroups/rg-mediflow-dev/providers/Microsoft.Network/virtualNetworks/vnet-mediflow-dev/subnets/snet-appgw",
                "name": "snet-appgw",
                "private_endpoint_network_policies": "Disabled",
                "private_link_service_network_policies_enabled": true,
                "route_table_id": "",
                "security_group": "",
                "service_endpoint_policy_ids": [],
                "service_endpoints": []
              }
            ],
            "tags": {
              "environment": "dev",
              "managed_by": "terraform",
              "owner": "gbadedata",
              "project": "mediflow"
            },
            "timeouts": null
          },
          "sensitive_attributes": [],
          "identity_schema_version": 0,
          "identity": {
            "name": "vnet-mediflow-dev",
            "resource_group_name": "rg-mediflow-dev",
            "subscription_id": "c8928261-3c0c-4e98-bbc6-9ba70d318285"
          },
          "private": "eyJlMmJmYjczMC1lY2FhLTExZTYtOGY4OC0zNDM2M2JjN2M0YzAiOnsiY3JlYXRlIjoxODAwMDAwMDAwMDAwLCJkZWxldGUiOjE4MDAwMDAwMDAwMDAsInJlYWQiOjMwMDAwMDAwMDAwMCwidXBkYXRlIjoxODAwMDAwMDAwMDAwfX0=",
          "dependencies": [
            "azurerm_resource_group.main"
          ]
        }
      ]
    }
  ],
  "check_results": [
    {
      "object_kind": "var",
      "config_addr": "var.environment",
      "status": "pass",
      "objects": [
        {
          "object_addr": "var.environment",
          "status": "pass"
        }
      ]
    }
  ]
}
