{
  "version": 4,
  "terraform_version": "1.15.5",
  "serial": 14,
  "lineage": "722d6034-4a18-14ef-2718-84b99f4fbc15",
  "outputs": {
    "acr_login_server": {
      "value": "acrmediflowdev.azurecr.io",
      "type": "string"
    },
    "acr_name": {
      "value": "acrmediflowdev",
      "type": "string"
    },
    "aks_cluster_name": {
      "value": "aks-mediflow-dev",
      "type": "string"
    },
    "get_credentials_command": {
      "value": "az aks get-credentials --resource-group rg-mediflow-dev --name aks-mediflow-dev",
      "type": "string"
    },
    "key_vault_name": {
      "value": "kv-mediflow-dev",
      "type": "string"
    },
    "key_vault_uri": {
      "value": "https://kv-mediflow-dev.vault.azure.net/",
      "type": "string"
    },
    "log_analytics_workspace_id": {
      "value": "/subscriptions/c8928261-3c0c-4e98-bbc6-9ba70d318285/resourceGroups/rg-mediflow-dev/providers/Microsoft.OperationalInsights/workspaces/law-mediflow-dev",
      "type": "string"
    },
    "resource_group_name": {
      "value": "rg-mediflow-dev",
      "type": "string"
    }
  },
  "resources": [
    {
      "mode": "data",
      "type": "azurerm_client_config",
      "name": "current",
      "provider": "provider[\"registry.terraform.io/hashicorp/azurerm\"]",
      "instances": [
        {
          "schema_version": 0,
          "attributes": {
            "client_id": "04b07795-8ddb-461a-bbee-02f9e1bf7b46",
            "id": "Y2xpZW50Q29uZmlncy9jbGllbnRJZD0wNGIwNzc5NS04ZGRiLTQ2MWEtYmJlZS0wMmY5ZTFiZjdiNDY7b2JqZWN0SWQ9Yzc0NWJhNWItNThiNS00MWU0LTlmMTUtYWUyMDJhM2IzMGNhO3N1YnNjcmlwdGlvbklkPWM4OTI4MjYxLTNjMGMtNGU5OC1iYmM2LTliYTcwZDMxODI4NTt0ZW5hbnRJZD0yODRmY2FiOS1iMzUzLTQ0ZmItODUwNy1jN2EzYjI3N2MxOWU=",
            "object_id": "c745ba5b-58b5-41e4-9f15-ae202a3b30ca",
            "subscription_id": "c8928261-3c0c-4e98-bbc6-9ba70d318285",
            "tenant_id": "284fcab9-b353-44fb-8507-c7a3b277c19e",
            "timeouts": null
          },
          "sensitive_attributes": [],
          "identity_schema_version": 0
        }
      ]
    },
    {
      "mode": "managed",
      "type": "azurerm_container_registry",
      "name": "main",
      "provider": "provider[\"registry.terraform.io/hashicorp/azurerm\"]",
      "instances": [
        {
          "schema_version": 2,
          "attributes": {
            "admin_enabled": false,
            "admin_password": "",
            "admin_username": "",
            "anonymous_pull_enabled": false,
            "data_endpoint_enabled": false,
            "data_endpoint_host_names": [],
            "encryption": [],
            "export_policy_enabled": true,
            "georeplications": [],
            "id": "/subscriptions/c8928261-3c0c-4e98-bbc6-9ba70d318285/resourceGroups/rg-mediflow-dev/providers/Microsoft.ContainerRegistry/registries/acrmediflowdev",
            "identity": [],
            "location": "uksouth",
            "login_server": "acrmediflowdev.azurecr.io",
            "name": "acrmediflowdev",
            "network_rule_bypass_option": "AzureServices",
            "network_rule_set": [],
            "public_network_access_enabled": true,
            "quarantine_policy_enabled": false,
            "resource_group_name": "rg-mediflow-dev",
            "retention_policy_in_days": 0,
            "sku": "Basic",
            "tags": {
              "environment": "dev",
              "managed_by": "terraform",
              "owner": "gbadedata",
              "project": "mediflow"
            },
            "timeouts": null,
            "trust_policy_enabled": false,
            "zone_redundancy_enabled": false
          },
          "sensitive_attributes": [
            [
              {
                "type": "get_attr",
                "value": "admin_password"
              }
            ]
          ],
          "identity_schema_version": 0,
          "private": "eyJlMmJmYjczMC1lY2FhLTExZTYtOGY4OC0zNDM2M2JjN2M0YzAiOnsiY3JlYXRlIjoxODAwMDAwMDAwMDAwLCJkZWxldGUiOjE4MDAwMDAwMDAwMDAsInJlYWQiOjMwMDAwMDAwMDAwMCwidXBkYXRlIjoxODAwMDAwMDAwMDAwfSwic2NoZW1hX3ZlcnNpb24iOiIyIn0=",
          "dependencies": [
            "azurerm_resource_group.main"
          ]
        }
      ]
    },
    {
      "mode": "managed",
      "type": "azurerm_key_vault",
      "name": "main",
      "provider": "provider[\"registry.terraform.io/hashicorp/azurerm\"]",
      "instances": [
        {
          "schema_version": 2,
          "attributes": {
            "access_policy": [],
            "contact": [],
            "enable_rbac_authorization": true,
            "enabled_for_deployment": false,
            "enabled_for_disk_encryption": false,
            "enabled_for_template_deployment": false,
            "id": "/subscriptions/c8928261-3c0c-4e98-bbc6-9ba70d318285/resourceGroups/rg-mediflow-dev/providers/Microsoft.KeyVault/vaults/kv-mediflow-dev",
            "location": "uksouth",
            "name": "kv-mediflow-dev",
            "network_acls": [
              {
                "bypass": "AzureServices",
                "default_action": "Allow",
                "ip_rules": [],
                "virtual_network_subnet_ids": []
              }
            ],
            "public_network_access_enabled": true,
            "purge_protection_enabled": false,
            "rbac_authorization_enabled": true,
            "resource_group_name": "rg-mediflow-dev",
            "sku_name": "standard",
            "soft_delete_retention_days": 7,
            "tags": {
              "environment": "dev",
              "managed_by": "terraform",
              "owner": "gbadedata",
              "project": "mediflow"
            },
            "tenant_id": "284fcab9-b353-44fb-8507-c7a3b277c19e",
            "timeouts": null,
            "vault_uri": "https://kv-mediflow-dev.vault.azure.net/"
          },
          "sensitive_attributes": [],
          "identity_schema_version": 0,
          "private": "eyJlMmJmYjczMC1lY2FhLTExZTYtOGY4OC0zNDM2M2JjN2M0YzAiOnsiY3JlYXRlIjoxODAwMDAwMDAwMDAwLCJkZWxldGUiOjE4MDAwMDAwMDAwMDAsInJlYWQiOjMwMDAwMDAwMDAwMCwidXBkYXRlIjoxODAwMDAwMDAwMDAwfSwic2NoZW1hX3ZlcnNpb24iOiIyIn0=",
          "dependencies": [
            "azurerm_resource_group.main",
            "data.azurerm_client_config.current"
          ]
        }
      ]
    },
    {
      "mode": "managed",
      "type": "azurerm_key_vault_secret",
      "name": "app_api_key",
      "provider": "provider[\"registry.terraform.io/hashicorp/azurerm\"]",
      "instances": [
        {
          "schema_version": 0,
          "attributes": {
            "content_type": "",
            "expiration_date": "",
            "id": "https://kv-mediflow-dev.vault.azure.net/secrets/mediflow-api-key/5cbc28fd5a744fc8b138600cda2abf30",
            "key_vault_id": "/subscriptions/c8928261-3c0c-4e98-bbc6-9ba70d318285/resourceGroups/rg-mediflow-dev/providers/Microsoft.KeyVault/vaults/kv-mediflow-dev",
            "name": "mediflow-api-key",
            "not_before_date": "",
            "resource_id": "/subscriptions/c8928261-3c0c-4e98-bbc6-9ba70d318285/resourceGroups/rg-mediflow-dev/providers/Microsoft.KeyVault/vaults/kv-mediflow-dev/secrets/mediflow-api-key/versions/5cbc28fd5a744fc8b138600cda2abf30",
            "resource_versionless_id": "/subscriptions/c8928261-3c0c-4e98-bbc6-9ba70d318285/resourceGroups/rg-mediflow-dev/providers/Microsoft.KeyVault/vaults/kv-mediflow-dev/secrets/mediflow-api-key",
            "tags": {
              "environment": "dev",
              "managed_by": "terraform",
              "owner": "gbadedata",
              "project": "mediflow"
            },
            "timeouts": null,
            "value": "placeholder-rotate-before-production",
            "value_wo": null,
            "value_wo_version": 0,
            "version": "5cbc28fd5a744fc8b138600cda2abf30",
            "versionless_id": "https://kv-mediflow-dev.vault.azure.net/secrets/mediflow-api-key"
          },
          "sensitive_attributes": [
            [
              {
                "type": "get_attr",
                "value": "value"
              }
            ]
          ],
          "identity_schema_version": 0,
          "private": "eyJlMmJmYjczMC1lY2FhLTExZTYtOGY4OC0zNDM2M2JjN2M0YzAiOnsiY3JlYXRlIjoxODAwMDAwMDAwMDAwLCJkZWxldGUiOjE4MDAwMDAwMDAwMDAsInJlYWQiOjE4MDAwMDAwMDAwMDAsInVwZGF0ZSI6MTgwMDAwMDAwMDAwMH19",
          "dependencies": [
            "azurerm_key_vault.main",
            "azurerm_resource_group.main",
            "azurerm_role_assignment.kv_admin_self",
            "data.azurerm_client_config.current"
          ]
        }
      ]
    },
    {
      "mode": "managed",
      "type": "azurerm_log_analytics_workspace",
      "name": "main",
      "provider": "provider[\"registry.terraform.io/hashicorp/azurerm\"]",
      "instances": [
        {
          "schema_version": 3,
          "attributes": {
            "allow_resource_only_permissions": true,
            "cmk_for_query_forced": false,
            "daily_quota_gb": -1,
            "data_collection_rule_id": "",
            "id": "/subscriptions/c8928261-3c0c-4e98-bbc6-9ba70d318285/resourceGroups/rg-mediflow-dev/providers/Microsoft.OperationalInsights/workspaces/law-mediflow-dev",
            "identity": [],
            "immediate_data_purge_on_30_days_enabled": false,
            "internet_ingestion_enabled": true,
            "internet_query_enabled": true,
            "local_authentication_disabled": false,
            "local_authentication_enabled": true,
            "location": "uksouth",
            "name": "law-mediflow-dev",
            "primary_shared_key": "az6pO+S97dQBteF71++DG8rtezLvOtit6woK2RcDBShTtZ9SrKCwCSw4+lGnbO0gJ6Bdg/6U7rYKW49/2GO4LA==",
            "reservation_capacity_in_gb_per_day": null,
            "resource_group_name": "rg-mediflow-dev",
            "retention_in_days": 30,
            "secondary_shared_key": "BxyHhS3Ssw1GK3KtHc5y5aZVD9S662NiMfQ6E3ocTE8jxXg0sIqzet98jPvPFQRW+xwVVksSSfjuKDJ28qnaEg==",
            "sku": "PerGB2018",
            "tags": {
              "environment": "dev",
              "managed_by": "terraform",
              "owner": "gbadedata",
              "project": "mediflow"
            },
            "timeouts": null,
            "workspace_id": "fff8c2a9-9e18-4c01-bcef-5960c5e47e65"
          },
          "sensitive_attributes": [
            [
              {
                "type": "get_attr",
                "value": "primary_shared_key"
              }
            ],
            [
              {
                "type": "get_attr",
                "value": "secondary_shared_key"
              }
            ]
          ],
          "identity_schema_version": 0,
          "private": "eyJlMmJmYjczMC1lY2FhLTExZTYtOGY4OC0zNDM2M2JjN2M0YzAiOnsiY3JlYXRlIjoxODAwMDAwMDAwMDAwLCJkZWxldGUiOjE4MDAwMDAwMDAwMDAsInJlYWQiOjMwMDAwMDAwMDAwMCwidXBkYXRlIjoxODAwMDAwMDAwMDAwfSwic2NoZW1hX3ZlcnNpb24iOiIzIn0=",
          "dependencies": [
            "azurerm_resource_group.main"
          ]
        }
      ]
    },
    {
      "mode": "managed",
      "type": "azurerm_resource_group",
      "name": "main",
      "provider": "provider[\"registry.terraform.io/hashicorp/azurerm\"]",
      "instances": [
        {
          "schema_version": 0,
          "attributes": {
            "id": "/subscriptions/c8928261-3c0c-4e98-bbc6-9ba70d318285/resourceGroups/rg-mediflow-dev",
            "location": "uksouth",
            "managed_by": "",
            "name": "rg-mediflow-dev",
            "tags": {
              "environment": "dev",
              "managed_by": "terraform",
              "owner": "gbadedata",
              "project": "mediflow"
            },
            "timeouts": null
          },
          "sensitive_attributes": [],
          "identity_schema_version": 0,
          "identity": {
            "name": "rg-mediflow-dev",
            "subscription_id": "c8928261-3c0c-4e98-bbc6-9ba70d318285"
          },
          "private": "eyJlMmJmYjczMC1lY2FhLTExZTYtOGY4OC0zNDM2M2JjN2M0YzAiOnsiY3JlYXRlIjo1NDAwMDAwMDAwMDAwLCJkZWxldGUiOjU0MDAwMDAwMDAwMDAsInJlYWQiOjMwMDAwMDAwMDAwMCwidXBkYXRlIjo1NDAwMDAwMDAwMDAwfX0="
        }
      ]
    },
    {
      "mode": "managed",
      "type": "azurerm_role_assignment",
      "name": "kv_admin_self",
      "provider": "provider[\"registry.terraform.io/hashicorp/azurerm\"]",
      "instances": [
        {
          "schema_version": 0,
          "attributes": {
            "condition": "",
            "condition_version": "",
            "delegated_managed_identity_resource_id": "",
            "description": "",
            "id": "/subscriptions/c8928261-3c0c-4e98-bbc6-9ba70d318285/resourceGroups/rg-mediflow-dev/providers/Microsoft.KeyVault/vaults/kv-mediflow-dev/providers/Microsoft.Authorization/roleAssignments/c91cd0f2-17da-196d-1218-ff7684fa38f2",
            "name": "c91cd0f2-17da-196d-1218-ff7684fa38f2",
            "principal_id": "c745ba5b-58b5-41e4-9f15-ae202a3b30ca",
            "principal_type": "User",
            "role_definition_id": "/subscriptions/c8928261-3c0c-4e98-bbc6-9ba70d318285/providers/Microsoft.Authorization/roleDefinitions/00482a5a-887f-4fb3-b363-3b7fe8e74483",
            "role_definition_name": "Key Vault Administrator",
            "scope": "/subscriptions/c8928261-3c0c-4e98-bbc6-9ba70d318285/resourceGroups/rg-mediflow-dev/providers/Microsoft.KeyVault/vaults/kv-mediflow-dev",
            "skip_service_principal_aad_check": null,
            "timeouts": null
          },
          "sensitive_attributes": [],
          "identity_schema_version": 0,
          "private": "eyJlMmJmYjczMC1lY2FhLTExZTYtOGY4OC0zNDM2M2JjN2M0YzAiOnsiY3JlYXRlIjoxODAwMDAwMDAwMDAwLCJkZWxldGUiOjE4MDAwMDAwMDAwMDAsInJlYWQiOjMwMDAwMDAwMDAwMH19",
          "dependencies": [
            "azurerm_key_vault.main",
            "azurerm_resource_group.main",
            "data.azurerm_client_config.current"
          ]
        }
      ]
    },
    {
      "mode": "managed",
      "type": "azurerm_subnet",
      "name": "aks",
      "provider": "provider[\"registry.terraform.io/hashicorp/azurerm\"]",
      "instances": [
        {
          "schema_version": 0,
          "attributes": {
            "address_prefixes": [
              "10.0.1.0/24"
            ],
            "default_outbound_access_enabled": true,
            "delegation": [],
            "id": "/subscriptions/c8928261-3c0c-4e98-bbc6-9ba70d318285/resourceGroups/rg-mediflow-dev/providers/Microsoft.Network/virtualNetworks/vnet-mediflow-dev/subnets/snet-aks",
            "ip_address_pool": [],
            "name": "snet-aks",
            "private_endpoint_network_policies": "Disabled",
            "private_link_service_network_policies_enabled": true,
            "resource_group_name": "rg-mediflow-dev",
            "service_endpoint_policy_ids": [],
            "service_endpoints": [],
            "sharing_scope": "",
            "timeouts": null,
            "virtual_network_name": "vnet-mediflow-dev"
          },
          "sensitive_attributes": [],
          "identity_schema_version": 0,
          "identity": {
            "name": "snet-aks",
            "resource_group_name": "rg-mediflow-dev",
            "subscription_id": "c8928261-3c0c-4e98-bbc6-9ba70d318285",
            "virtual_network_name": "vnet-mediflow-dev"
          },
          "private": "eyJlMmJmYjczMC1lY2FhLTExZTYtOGY4OC0zNDM2M2JjN2M0YzAiOnsiY3JlYXRlIjoxODAwMDAwMDAwMDAwLCJkZWxldGUiOjE4MDAwMDAwMDAwMDAsInJlYWQiOjMwMDAwMDAwMDAwMCwidXBkYXRlIjoxODAwMDAwMDAwMDAwfX0=",
          "dependencies": [
            "azurerm_resource_group.main",
            "azurerm_virtual_network.main"
          ]
        }
      ]
    },
    {
      "mode": "managed",
      "type": "azurerm_subnet",
      "name": "appgw",
      "provider": "provider[\"registry.terraform.io/hashicorp/azurerm\"]",
      "instances": [
        {
          "schema_version": 0,
          "attributes": {
            "address_prefixes": [
              "10.0.2.0/24"
            ],
            "default_outbound_access_enabled": true,
            "delegation": [],
            "id": "/subscriptions/c8928261-3c0c-4e98-bbc6-9ba70d318285/resourceGroups/rg-mediflow-dev/providers/Microsoft.Network/virtualNetworks/vnet-mediflow-dev/subnets/snet-appgw",
            "ip_address_pool": [],
            "name": "snet-appgw",
            "private_endpoint_network_policies": "Disabled",
            "private_link_service_network_policies_enabled": true,
            "resource_group_name": "rg-mediflow-dev",
            "service_endpoint_policy_ids": [],
            "service_endpoints": [],
            "sharing_scope": "",
            "timeouts": null,
            "virtual_network_name": "vnet-mediflow-dev"
          },
          "sensitive_attributes": [],
          "identity_schema_version": 0,
          "identity": {
            "name": "snet-appgw",
            "resource_group_name": "rg-mediflow-dev",
            "subscription_id": "c8928261-3c0c-4e98-bbc6-9ba70d318285",
            "virtual_network_name": "vnet-mediflow-dev"
          },
          "private": "eyJlMmJmYjczMC1lY2FhLTExZTYtOGY4OC0zNDM2M2JjN2M0YzAiOnsiY3JlYXRlIjoxODAwMDAwMDAwMDAwLCJkZWxldGUiOjE4MDAwMDAwMDAwMDAsInJlYWQiOjMwMDAwMDAwMDAwMCwidXBkYXRlIjoxODAwMDAwMDAwMDAwfX0=",
          "dependencies": [
            "azurerm_resource_group.main",
            "azurerm_virtual_network.main"
          ]
        }
      ]
    },
    {
      "mode": "managed",
      "type": "azurerm_virtual_network",
      "name": "main",
      "provider": "provider[\"registry.terraform.io/hashicorp/azurerm\"]",
      "instances": [
        {
          "schema_version": 0,
          "attributes": {
            "address_space": [
              "10.0.0.0/16"
            ],
            "bgp_community": "",
            "ddos_protection_plan": [],
            "dns_servers": [],
            "edge_zone": "",
            "encryption": [],
            "flow_timeout_in_minutes": 0,
            "guid": "17bbc289-232a-4ce5-877c-4999196e5ff9",
            "id": "/subscriptions/c8928261-3c0c-4e98-bbc6-9ba70d318285/resourceGroups/rg-mediflow-dev/providers/Microsoft.Network/virtualNetworks/vnet-mediflow-dev",
            "ip_address_pool": [],
            "location": "uksouth",
            "name": "vnet-mediflow-dev",
            "private_endpoint_vnet_policies": "Disabled",
            "resource_group_name": "rg-mediflow-dev",
            "subnet": [
              {
                "address_prefixes": [
                  "10.0.1.0/24"
                ],
                "default_outbound_access_enabled": true,
                "delegation": [],
                "id": "/subscriptions/c8928261-3c0c-4e98-bbc6-9ba70d318285/resourceGroups/rg-mediflow-dev/providers/Microsoft.Network/virtualNetworks/vnet-mediflow-dev/subnets/snet-aks",
                "name": "snet-aks",
                "private_endpoint_network_policies": "Disabled",
                "private_link_service_network_policies_enabled": true,
                "route_table_id": "",
                "security_group": "",
                "service_endpoint_policy_ids": [],
                "service_endpoints": []
              },
              {
                "address_prefixes": [
                  "10.0.2.0/24"
                ],
                "default_outbound_access_enabled": true,
                "delegation": [],
                "id": "/subscriptions/c8928261-3c0c-4e98-bbc6-9ba70d318285/resourceGroups/rg-mediflow-dev/providers/Microsoft.Network/virtualNetworks/vnet-mediflow-dev/subnets/snet-appgw",
                "name": "snet-appgw",
                "private_endpoint_network_policies": "Disabled",
                "private_link_service_network_policies_enabled": true,
                "route_table_id": "",
                "security_group": "",
                "service_endpoint_policy_ids": [],
                "service_endpoints": []
              }
            ],
            "tags": {
              "environment": "dev",
              "managed_by": "terraform",
              "owner": "gbadedata",
              "project": "mediflow"
            },
            "timeouts": null
          },
          "sensitive_attributes": [],
          "identity_schema_version": 0,
          "identity": {
            "name": "vnet-mediflow-dev",
            "resource_group_name": "rg-mediflow-dev",
            "subscription_id": "c8928261-3c0c-4e98-bbc6-9ba70d318285"
          },
          "private": "eyJlMmJmYjczMC1lY2FhLTExZTYtOGY4OC0zNDM2M2JjN2M0YzAiOnsiY3JlYXRlIjoxODAwMDAwMDAwMDAwLCJkZWxldGUiOjE4MDAwMDAwMDAwMDAsInJlYWQiOjMwMDAwMDAwMDAwMCwidXBkYXRlIjoxODAwMDAwMDAwMDAwfX0=",
          "dependencies": [
            "azurerm_resource_group.main"
          ]
        }
      ]
    }
  ],
  "check_results": [
    {
      "object_kind": "var",
      "config_addr": "var.environment",
      "status": "pass",
      "objects": [
        {
          "object_addr": "var.environment",
          "status": "pass"
        }
      ]
    }
  ]
}
